// !$*UTF8*$!
{
	archiveVersion = 1;
	classes = {
	};
	objectVersion = 46;
	objects = {

/* Begin PBXBuildFile section */
		4593672EF1DB3403A0AED1A8 /* Pods_Bookworm.framework in Frameworks */ = {isa = PBXBuildFile; fileRef = C405D6E1783812DAA3AE4D72 /* Pods_Bookworm.framework */; };
		E30A49E91C5B1206009BD684 /* SYTabBarController.m in Sources */ = {isa = PBXBuildFile; fileRef = E30A49E81C5B1206009BD684 /* SYTabBarController.m */; };
		E30A49EC1C5B1257009BD684 /* SYMessageViewController.m in Sources */ = {isa = PBXBuildFile; fileRef = E30A49EB1C5B1257009BD684 /* SYMessageViewController.m */; };
		E30A49EF1C5B12C3009BD684 /* SYHomeViewController.m in Sources */ = {isa = PBXBuildFile; fileRef = E30A49EE1C5B12C3009BD684 /* SYHomeViewController.m */; };
		E30A49F21C5B12EB009BD684 /* SYMeViewController.m in Sources */ = {isa = PBXBuildFile; fileRef = E30A49F11C5B12EB009BD684 /* SYMeViewController.m */; };
		E30A49F51C5B193E009BD684 /* SYWishViewController.m in Sources */ = {isa = PBXBuildFile; fileRef = E30A49F41C5B193E009BD684 /* SYWishViewController.m */; };
		E30A49F81C5B19D7009BD684 /* SYContactModel.m in Sources */ = {isa = PBXBuildFile; fileRef = E30A49F71C5B19D7009BD684 /* SYContactModel.m */; };
		E30A49FB1C5B1BF6009BD684 /* SYContactService.m in Sources */ = {isa = PBXBuildFile; fileRef = E30A49FA1C5B1BF6009BD684 /* SYContactService.m */; };
		E30A49FE1C5B3CB6009BD684 /* SYChatViewController.m in Sources */ = {isa = PBXBuildFile; fileRef = E30A49FD1C5B3CB6009BD684 /* SYChatViewController.m */; };
		E316C7251C590E030073C886 /* NSArray+Model.m in Sources */ = {isa = PBXBuildFile; fileRef = E316C7241C590E030073C886 /* NSArray+Model.m */; };
		E31DBAEB1C27CAE500FD5F36 /* SVProgressHUD+Base.m in Sources */ = {isa = PBXBuildFile; fileRef = E31DBAEA1C27CAE500FD5F36 /* SVProgressHUD+Base.m */; };
		E31DBAF21C2801A000FD5F36 /* SYMessageService.m in Sources */ = {isa = PBXBuildFile; fileRef = E31DBAF11C2801A000FD5F36 /* SYMessageService.m */; };
		E31DBAF51C2801BA00FD5F36 /* SYUserService.m in Sources */ = {isa = PBXBuildFile; fileRef = E31DBAF41C2801BA00FD5F36 /* SYUserService.m */; };
		E31F8D8C1C3CC1AD0079D9BA /* SYScrollViewController.m in Sources */ = {isa = PBXBuildFile; fileRef = E31F8D8B1C3CC1AD0079D9BA /* SYScrollViewController.m */; };
		E32F00E21C9111F70024086B /* social-share.plist in Resources */ = {isa = PBXBuildFile; fileRef = E32F00E11C9111F70024086B /* social-share.plist */; };
		E32F00FC1C9149330024086B /* SYSocialShare.m in Sources */ = {isa = PBXBuildFile; fileRef = E32F00FB1C9149330024086B /* SYSocialShare.m */; };
		E32F00FF1C9170520024086B /* SYStackView.m in Sources */ = {isa = PBXBuildFile; fileRef = E32F00FE1C9170520024086B /* SYStackView.m */; };
		E332FBC81C59FFE500063AEA /* SYUserModel.m in Sources */ = {isa = PBXBuildFile; fileRef = E332FBC71C59FFE500063AEA /* SYUserModel.m */; };
		E33928051C6301C00004346C /* SYContactViewController.m in Sources */ = {isa = PBXBuildFile; fileRef = E33928041C6301C00004346C /* SYContactViewController.m */; };
		E345813B1C2115CF0088BDA5 /* main.m in Sources */ = {isa = PBXBuildFile; fileRef = E345813A1C2115CF0088BDA5 /* main.m */; };
		E345813E1C2115CF0088BDA5 /* AppDelegate.m in Sources */ = {isa = PBXBuildFile; fileRef = E345813D1C2115CF0088BDA5 /* AppDelegate.m */; };
		E34581441C2115CF0088BDA5 /* Main.storyboard in Resources */ = {isa = PBXBuildFile; fileRef = E34581421C2115CF0088BDA5 /* Main.storyboard */; };
		E34581461C2115CF0088BDA5 /* Assets.xcassets in Resources */ = {isa = PBXBuildFile; fileRef = E34581451C2115CF0088BDA5 /* Assets.xcassets */; };
		E34581491C2115CF0088BDA5 /* LaunchScreen.storyboard in Resources */ = {isa = PBXBuildFile; fileRef = E34581471C2115CF0088BDA5 /* LaunchScreen.storyboard */; };
		E34581541C2115CF0088BDA5 /* BookwormTests.m in Sources */ = {isa = PBXBuildFile; fileRef = E34581531C2115CF0088BDA5 /* BookwormTests.m */; };
		E345815F1C2115CF0088BDA5 /* BookwormUITests.m in Sources */ = {isa = PBXBuildFile; fileRef = E345815E1C2115CF0088BDA5 /* BookwormUITests.m */; };
		E34581911C213A7D0088BDA5 /* NSDate+Base.m in Sources */ = {isa = PBXBuildFile; fileRef = E34581821C213A7D0088BDA5 /* NSDate+Base.m */; };
		E34581921C213A7D0088BDA5 /* NSString+Base.m in Sources */ = {isa = PBXBuildFile; fileRef = E34581841C213A7D0088BDA5 /* NSString+Base.m */; };
		E34581931C213A7D0088BDA5 /* UIBarButtonItem+Base.m in Sources */ = {isa = PBXBuildFile; fileRef = E34581861C213A7D0088BDA5 /* UIBarButtonItem+Base.m */; };
		E34581941C213A7D0088BDA5 /* UIButton+Base.m in Sources */ = {isa = PBXBuildFile; fileRef = E34581881C213A7D0088BDA5 /* UIButton+Base.m */; };
		E34581951C213A7D0088BDA5 /* UIColor+Base.m in Sources */ = {isa = PBXBuildFile; fileRef = E345818A1C213A7D0088BDA5 /* UIColor+Base.m */; };
		E34581961C213A7D0088BDA5 /* UIFont+Base.m in Sources */ = {isa = PBXBuildFile; fileRef = E345818C1C213A7D0088BDA5 /* UIFont+Base.m */; };
		E34581A41C213FFB0088BDA5 /* JSONModel+Base.m in Sources */ = {isa = PBXBuildFile; fileRef = E345819F1C213FFB0088BDA5 /* JSONModel+Base.m */; };
		E34581A51C213FFB0088BDA5 /* JSONValueTransformer+Mapper.m in Sources */ = {isa = PBXBuildFile; fileRef = E34581A11C213FFB0088BDA5 /* JSONValueTransformer+Mapper.m */; };
		E34581A91C2142960088BDA5 /* CLLocationManager+Base.m in Sources */ = {isa = PBXBuildFile; fileRef = E34581A81C2142960088BDA5 /* CLLocationManager+Base.m */; };
		E34581AC1C2143E20088BDA5 /* TestViewController.m in Sources */ = {isa = PBXBuildFile; fileRef = E34581AB1C2143E20088BDA5 /* TestViewController.m */; };
		E34581AF1C21455C0088BDA5 /* UIViewController+Base.m in Sources */ = {isa = PBXBuildFile; fileRef = E34581AE1C21455C0088BDA5 /* UIViewController+Base.m */; };
		E34581B21C214E890088BDA5 /* UIImageView+Base.m in Sources */ = {isa = PBXBuildFile; fileRef = E34581B11C214E890088BDA5 /* UIImageView+Base.m */; };
		E34581B51C21512B0088BDA5 /* SYSessionManager.m in Sources */ = {isa = PBXBuildFile; fileRef = E34581B41C21512B0088BDA5 /* SYSessionManager.m */; };
		E34581B81C2152F20088BDA5 /* SYAppSetting.m in Sources */ = {isa = PBXBuildFile; fileRef = E34581B71C2152F20088BDA5 /* SYAppSetting.m */; };
		E34581BB1C2158E00088BDA5 /* SYDeviceModel.m in Sources */ = {isa = PBXBuildFile; fileRef = E34581BA1C2158E00088BDA5 /* SYDeviceModel.m */; };
		E34581C71C2169EA0088BDA5 /* InfoPlist.strings in Resources */ = {isa = PBXBuildFile; fileRef = E34581C91C2169EA0088BDA5 /* InfoPlist.strings */; };
		E34581CA1C2169F20088BDA5 /* Localizable.strings in Resources */ = {isa = PBXBuildFile; fileRef = E34581CC1C2169F20088BDA5 /* Localizable.strings */; };
		E34581D31C216C510088BDA5 /* SYServerAPI.m in Sources */ = {isa = PBXBuildFile; fileRef = E34581D21C216C510088BDA5 /* SYServerAPI.m */; };
		E34581D71C216E860088BDA5 /* app-setting.plist in Resources */ = {isa = PBXBuildFile; fileRef = E34581D51C216E860088BDA5 /* app-setting.plist */; };
		E34581DB1C216FD40088BDA5 /* SYBaseService.m in Sources */ = {isa = PBXBuildFile; fileRef = E34581DA1C216FD40088BDA5 /* SYBaseService.m */; };
		E34581DE1C217F740088BDA5 /* SYDeviceService.m in Sources */ = {isa = PBXBuildFile; fileRef = E34581DD1C217F740088BDA5 /* SYDeviceService.m */; };
		E361DEC01C4E0B530042C75A /* SYSocketManager.m in Sources */ = {isa = PBXBuildFile; fileRef = E361DEBF1C4E0B530042C75A /* SYSocketManager.m */; };
		E361DEC31C4E2AF50042C75A /* UIAlertController+Base.m in Sources */ = {isa = PBXBuildFile; fileRef = E361DEC21C4E2AF50042C75A /* UIAlertController+Base.m */; };
		E361DEC71C4E34FE0042C75A /* AppDelegate+Analytics.m in Sources */ = {isa = PBXBuildFile; fileRef = E361DEC61C4E34FE0042C75A /* AppDelegate+Analytics.m */; };
		E37E76B51C80078800AE7D47 /* SYNotificationModel.m in Sources */ = {isa = PBXBuildFile; fileRef = E37E76B41C80078800AE7D47 /* SYNotificationModel.m */; };
		E3957CE21C5137B30017E31F /* GVUserDefaults+Properties.m in Sources */ = {isa = PBXBuildFile; fileRef = E3957CE11C5137B30017E31F /* GVUserDefaults+Properties.m */; };
		E39B458B1C5B789F00FEAFC8 /* SYSettingViewController.m in Sources */ = {isa = PBXBuildFile; fileRef = E39B458A1C5B789F00FEAFC8 /* SYSettingViewController.m */; };
		E39B458E1C5B78CB00FEAFC8 /* SYGuideViewController.m in Sources */ = {isa = PBXBuildFile; fileRef = E39B458D1C5B78CB00FEAFC8 /* SYGuideViewController.m */; };
		E39B45911C5B794300FEAFC8 /* SYFollowListViewController.m in Sources */ = {isa = PBXBuildFile; fileRef = E39B45901C5B794300FEAFC8 /* SYFollowListViewController.m */; };
		E39B45971C5B7A7800FEAFC8 /* SYProfileViewController.m in Sources */ = {isa = PBXBuildFile; fileRef = E39B45961C5B7A7800FEAFC8 /* SYProfileViewController.m */; };
		E39B459D1C5B841D00FEAFC8 /* SYSignUpViewController.m in Sources */ = {isa = PBXBuildFile; fileRef = E39B459C1C5B841D00FEAFC8 /* SYSignUpViewController.m */; };
		E39B45A01C5B843800FEAFC8 /* SYSignInViewController.m in Sources */ = {isa = PBXBuildFile; fileRef = E39B459F1C5B843800FEAFC8 /* SYSignInViewController.m */; };
		E39C12E41C574BDC00F0FF10 /* SYSocketModel.m in Sources */ = {isa = PBXBuildFile; fileRef = E39C12E31C574BDC00F0FF10 /* SYSocketModel.m */; };
		E39FB1891C60881600EB5052 /* SYBubbleTableViewCell.m in Sources */ = {isa = PBXBuildFile; fileRef = E39FB1881C60881600EB5052 /* SYBubbleTableViewCell.m */; };
		E3A218A91D1E5D9C000E0217 /* UIView+Base.m in Sources */ = {isa = PBXBuildFile; fileRef = E3A218A81D1E5D9C000E0217 /* UIView+Base.m */; };
		E3A218AC1D1E60FD000E0217 /* SYUtilities.m in Sources */ = {isa = PBXBuildFile; fileRef = E3A218AB1D1E60FD000E0217 /* SYUtilities.m */; };
		E3A218AF1D1FC74E000E0217 /* SYTableViewCell.m in Sources */ = {isa = PBXBuildFile; fileRef = E3A218AE1D1FC74E000E0217 /* SYTableViewCell.m */; };
		E3A218B21D1FE26B000E0217 /* NSLayoutConstraint+Base.m in Sources */ = {isa = PBXBuildFile; fileRef = E3A218B11D1FE26B000E0217 /* NSLayoutConstraint+Base.m */; };
		E3B0CAE21C981B3F009950B2 /* SYInitialViewController.m in Sources */ = {isa = PBXBuildFile; fileRef = E3B0CAE11C981B3F009950B2 /* SYInitialViewController.m */; };
		E3B0CAEC1C994A6D009950B2 /* UIToolbar+Base.m in Sources */ = {isa = PBXBuildFile; fileRef = E3B0CAEB1C994A6D009950B2 /* UIToolbar+Base.m */; };
		E3B0CAF01C9966C1009950B2 /* guide0.jpg in Resources */ = {isa = PBXBuildFile; fileRef = E3B0CAED1C9966C1009950B2 /* guide0.jpg */; };
		E3B0CAF11C9966C1009950B2 /* guide1.jpg in Resources */ = {isa = PBXBuildFile; fileRef = E3B0CAEE1C9966C1009950B2 /* guide1.jpg */; };
		E3B0CAF21C9966C1009950B2 /* guide2.jpg in Resources */ = {isa = PBXBuildFile; fileRef = E3B0CAEF1C9966C1009950B2 /* guide2.jpg */; };
		E3BBDCA21C5916630012834A /* UILabel+Base.m in Sources */ = {isa = PBXBuildFile; fileRef = E3BBDCA11C5916630012834A /* UILabel+Base.m */; };
		E3BBDCE81C5938DE0012834A /* Bookworm.xcdatamodeld in Sources */ = {isa = PBXBuildFile; fileRef = E3BBDCE61C5938DE0012834A /* Bookworm.xcdatamodeld */; };
		E3BEDFC71C23FC8F00E6DB58 /* libz.tbd in Frameworks */ = {isa = PBXBuildFile; fileRef = E3BEDFC61C23FC8F00E6DB58 /* libz.tbd */; };
		E3D5C65D1C5D3C4900ADDCA4 /* SYSoundPlayer.m in Sources */ = {isa = PBXBuildFile; fileRef = E3D5C65C1C5D3C4900ADDCA4 /* SYSoundPlayer.m */; };
		E3E810371C48D85E00C0ACAF /* NSTimer+Base.m in Sources */ = {isa = PBXBuildFile; fileRef = E3E810361C48D85E00C0ACAF /* NSTimer+Base.m */; };
		E3EB14941C51E6B300D10026 /* NSData+Base.m in Sources */ = {isa = PBXBuildFile; fileRef = E3EB14931C51E6B300D10026 /* NSData+Base.m */; };
		E3EB149D1C520EF000D10026 /* SYTextView.m in Sources */ = {isa = PBXBuildFile; fileRef = E3EB149C1C520EF000D10026 /* SYTextView.m */; };
		E3EB14AD1C52166F00D10026 /* SYButtonTableViewCell.m in Sources */ = {isa = PBXBuildFile; fileRef = E3EB14A61C52166F00D10026 /* SYButtonTableViewCell.m */; };
		E3EB14AE1C52166F00D10026 /* SYMessageTableViewCell.m in Sources */ = {isa = PBXBuildFile; fileRef = E3EB14A81C52166F00D10026 /* SYMessageTableViewCell.m */; };
		E3EB14AF1C52166F00D10026 /* SYTextTableViewCell.m in Sources */ = {isa = PBXBuildFile; fileRef = E3EB14AA1C52166F00D10026 /* SYTextTableViewCell.m */; };
		E3EB14B01C52166F00D10026 /* SYTipTableViewCell.m in Sources */ = {isa = PBXBuildFile; fileRef = E3EB14AC1C52166F00D10026 /* SYTipTableViewCell.m */; };
		E3EB14B61C52171400D10026 /* UITableViewCell+Base.m in Sources */ = {isa = PBXBuildFile; fileRef = E3EB14B51C52171400D10026 /* UITableViewCell+Base.m */; };
		E3FF2EEE1C35007E00A6C7BF /* UISwitch+Base.m in Sources */ = {isa = PBXBuildFile; fileRef = E3FF2EED1C35007E00A6C7BF /* UISwitch+Base.m */; };
		E3FF2EF11C35016200A6C7BF /* UIImage+Base.m in Sources */ = {isa = PBXBuildFile; fileRef = E3FF2EF01C35016200A6C7BF /* UIImage+Base.m */; };
/* End PBXBuildFile section */

/* Begin PBXContainerItemProxy section */
		E34581501C2115CF0088BDA5 /* PBXContainerItemProxy */ = {
			isa = PBXContainerItemProxy;
			containerPortal = E345812E1C2115CF0088BDA5 /* Project object */;
			proxyType = 1;
			remoteGlobalIDString = E34581351C2115CF0088BDA5;
			remoteInfo = Bookworm;
		};
		E345815B1C2115CF0088BDA5 /* PBXContainerItemProxy */ = {
			isa = PBXContainerItemProxy;
			containerPortal = E345812E1C2115CF0088BDA5 /* Project object */;
			proxyType = 1;
			remoteGlobalIDString = E34581351C2115CF0088BDA5;
			remoteInfo = Bookworm;
		};
/* End PBXContainerItemProxy section */

/* Begin PBXFileReference section */
		04C439D3B77FA89A53B32262 /* Pods-Bookworm.debug.xcconfig */ = {isa = PBXFileReference; includeInIndex = 1; lastKnownFileType = text.xcconfig; name = "Pods-Bookworm.debug.xcconfig"; path = "Pods/Target Support Files/Pods-Bookworm/Pods-Bookworm.debug.xcconfig"; sourceTree = "<group>"; };
		6CB466169511A17B83C08626 /* Pods-Bookworm.release.xcconfig */ = {isa = PBXFileReference; includeInIndex = 1; lastKnownFileType = text.xcconfig; name = "Pods-Bookworm.release.xcconfig"; path = "Pods/Target Support Files/Pods-Bookworm/Pods-Bookworm.release.xcconfig"; sourceTree = "<group>"; };
		C405D6E1783812DAA3AE4D72 /* Pods_Bookworm.framework */ = {isa = PBXFileReference; explicitFileType = wrapper.framework; includeInIndex = 0; path = Pods_Bookworm.framework; sourceTree = BUILT_PRODUCTS_DIR; };
		E30A49E71C5B1206009BD684 /* SYTabBarController.h */ = {isa = PBXFileReference; fileEncoding = 4; lastKnownFileType = sourcecode.c.h; path = SYTabBarController.h; sourceTree = "<group>"; };
		E30A49E81C5B1206009BD684 /* SYTabBarController.m */ = {isa = PBXFileReference; fileEncoding = 4; lastKnownFileType = sourcecode.c.objc; path = SYTabBarController.m; sourceTree = "<group>"; };
		E30A49EA1C5B1257009BD684 /* SYMessageViewController.h */ = {isa = PBXFileReference; fileEncoding = 4; lastKnownFileType = sourcecode.c.h; path = SYMessageViewController.h; sourceTree = "<group>"; };
		E30A49EB1C5B1257009BD684 /* SYMessageViewController.m */ = {isa = PBXFileReference; fileEncoding = 4; lastKnownFileType = sourcecode.c.objc; path = SYMessageViewController.m; sourceTree = "<group>"; };
		E30A49ED1C5B12C3009BD684 /* SYHomeViewController.h */ = {isa = PBXFileReference; fileEncoding = 4; lastKnownFileType = sourcecode.c.h; path = SYHomeViewController.h; sourceTree = "<group>"; };
		E30A49EE1C5B12C3009BD684 /* SYHomeViewController.m */ = {isa = PBXFileReference; fileEncoding = 4; lastKnownFileType = sourcecode.c.objc; path = SYHomeViewController.m; sourceTree = "<group>"; };
		E30A49F01C5B12EB009BD684 /* SYMeViewController.h */ = {isa = PBXFileReference; fileEncoding = 4; lastKnownFileType = sourcecode.c.h; path = SYMeViewController.h; sourceTree = "<group>"; };
		E30A49F11C5B12EB009BD684 /* SYMeViewController.m */ = {isa = PBXFileReference; fileEncoding = 4; lastKnownFileType = sourcecode.c.objc; path = SYMeViewController.m; sourceTree = "<group>"; };
		E30A49F31C5B193E009BD684 /* SYWishViewController.h */ = {isa = PBXFileReference; fileEncoding = 4; lastKnownFileType = sourcecode.c.h; path = SYWishViewController.h; sourceTree = "<group>"; };
		E30A49F41C5B193E009BD684 /* SYWishViewController.m */ = {isa = PBXFileReference; fileEncoding = 4; lastKnownFileType = sourcecode.c.objc; path = SYWishViewController.m; sourceTree = "<group>"; };
		E30A49F61C5B19D7009BD684 /* SYContactModel.h */ = {isa = PBXFileReference; fileEncoding = 4; lastKnownFileType = sourcecode.c.h; path = SYContactModel.h; sourceTree = "<group>"; };
		E30A49F71C5B19D7009BD684 /* SYContactModel.m */ = {isa = PBXFileReference; fileEncoding = 4; lastKnownFileType = sourcecode.c.objc; path = SYContactModel.m; sourceTree = "<group>"; };
		E30A49F91C5B1BF6009BD684 /* SYContactService.h */ = {isa = PBXFileReference; fileEncoding = 4; lastKnownFileType = sourcecode.c.h; path = SYContactService.h; sourceTree = "<group>"; };
		E30A49FA1C5B1BF6009BD684 /* SYContactService.m */ = {isa = PBXFileReference; fileEncoding = 4; lastKnownFileType = sourcecode.c.objc; path = SYContactService.m; sourceTree = "<group>"; };
		E30A49FC1C5B3CB6009BD684 /* SYChatViewController.h */ = {isa = PBXFileReference; fileEncoding = 4; lastKnownFileType = sourcecode.c.h; path = SYChatViewController.h; sourceTree = "<group>"; };
		E30A49FD1C5B3CB6009BD684 /* SYChatViewController.m */ = {isa = PBXFileReference; fileEncoding = 4; lastKnownFileType = sourcecode.c.objc; path = SYChatViewController.m; sourceTree = "<group>"; };
		E316C7231C590E030073C886 /* NSArray+Model.h */ = {isa = PBXFileReference; fileEncoding = 4; lastKnownFileType = sourcecode.c.h; path = "NSArray+Model.h"; sourceTree = "<group>"; };
		E316C7241C590E030073C886 /* NSArray+Model.m */ = {isa = PBXFileReference; fileEncoding = 4; lastKnownFileType = sourcecode.c.objc; path = "NSArray+Model.m"; sourceTree = "<group>"; };
		E31DBAE91C27CAE500FD5F36 /* SVProgressHUD+Base.h */ = {isa = PBXFileReference; fileEncoding = 4; lastKnownFileType = sourcecode.c.h; path = "SVProgressHUD+Base.h"; sourceTree = "<group>"; };
		E31DBAEA1C27CAE500FD5F36 /* SVProgressHUD+Base.m */ = {isa = PBXFileReference; fileEncoding = 4; lastKnownFileType = sourcecode.c.objc; path = "SVProgressHUD+Base.m"; sourceTree = "<group>"; };
		E31DBAF01C2801A000FD5F36 /* SYMessageService.h */ = {isa = PBXFileReference; fileEncoding = 4; lastKnownFileType = sourcecode.c.h; path = SYMessageService.h; sourceTree = "<group>"; };
		E31DBAF11C2801A000FD5F36 /* SYMessageService.m */ = {isa = PBXFileReference; fileEncoding = 4; lastKnownFileType = sourcecode.c.objc; path = SYMessageService.m; sourceTree = "<group>"; };
		E31DBAF31C2801BA00FD5F36 /* SYUserService.h */ = {isa = PBXFileReference; fileEncoding = 4; lastKnownFileType = sourcecode.c.h; path = SYUserService.h; sourceTree = "<group>"; };
		E31DBAF41C2801BA00FD5F36 /* SYUserService.m */ = {isa = PBXFileReference; fileEncoding = 4; lastKnownFileType = sourcecode.c.objc; path = SYUserService.m; sourceTree = "<group>"; };
		E31F8D8A1C3CC1AD0079D9BA /* SYScrollViewController.h */ = {isa = PBXFileReference; fileEncoding = 4; lastKnownFileType = sourcecode.c.h; path = SYScrollViewController.h; sourceTree = "<group>"; };
		E31F8D8B1C3CC1AD0079D9BA /* SYScrollViewController.m */ = {isa = PBXFileReference; fileEncoding = 4; lastKnownFileType = sourcecode.c.objc; path = SYScrollViewController.m; sourceTree = "<group>"; };
		E32F00E11C9111F70024086B /* social-share.plist */ = {isa = PBXFileReference; fileEncoding = 4; lastKnownFileType = text.plist.xml; name = "social-share.plist"; path = "Configs/social-share.plist"; sourceTree = "<group>"; };
		E32F00F21C9131820024086B /* Base */ = {isa = PBXFileReference; lastKnownFileType = file.storyboard; name = Base; path = Base.lproj/LaunchScreen.storyboard; sourceTree = "<group>"; };
		E32F00F31C9131820024086B /* Base */ = {isa = PBXFileReference; lastKnownFileType = file.storyboard; name = Base; path = Base.lproj/Main.storyboard; sourceTree = "<group>"; };
		E32F00F41C9131970024086B /* Base */ = {isa = PBXFileReference; lastKnownFileType = text.plist.strings; name = Base; path = Base.lproj/InfoPlist.strings; sourceTree = "<group>"; };
		E32F00F51C91319D0024086B /* Base */ = {isa = PBXFileReference; lastKnownFileType = text.plist.strings; name = Base; path = Base.lproj/Localizable.strings; sourceTree = "<group>"; };
		E32F00F61C9133060024086B /* zh-Hans */ = {isa = PBXFileReference; lastKnownFileType = text.plist.strings; name = "zh-Hans"; path = "zh-Hans.lproj/InfoPlist.strings"; sourceTree = "<group>"; };
		E32F00F71C9133080024086B /* zh-Hant */ = {isa = PBXFileReference; lastKnownFileType = text.plist.strings; name = "zh-Hant"; path = "zh-Hant.lproj/InfoPlist.strings"; sourceTree = "<group>"; };
		E32F00F81C9133160024086B /* zh-Hans */ = {isa = PBXFileReference; lastKnownFileType = text.plist.strings; name = "zh-Hans"; path = "zh-Hans.lproj/Localizable.strings"; sourceTree = "<group>"; };
		E32F00F91C9133170024086B /* zh-Hant */ = {isa = PBXFileReference; lastKnownFileType = text.plist.strings; name = "zh-Hant"; path = "zh-Hant.lproj/Localizable.strings"; sourceTree = "<group>"; };
		E32F00FA1C9149330024086B /* SYSocialShare.h */ = {isa = PBXFileReference; fileEncoding = 4; lastKnownFileType = sourcecode.c.h; path = SYSocialShare.h; sourceTree = "<group>"; };
		E32F00FB1C9149330024086B /* SYSocialShare.m */ = {isa = PBXFileReference; fileEncoding = 4; lastKnownFileType = sourcecode.c.objc; path = SYSocialShare.m; sourceTree = "<group>"; };
		E32F00FD1C9170520024086B /* SYStackView.h */ = {isa = PBXFileReference; fileEncoding = 4; lastKnownFileType = sourcecode.c.h; path = SYStackView.h; sourceTree = "<group>"; };
		E32F00FE1C9170520024086B /* SYStackView.m */ = {isa = PBXFileReference; fileEncoding = 4; lastKnownFileType = sourcecode.c.objc; path = SYStackView.m; sourceTree = "<group>"; };
		E332FBC61C59FFE500063AEA /* SYUserModel.h */ = {isa = PBXFileReference; fileEncoding = 4; lastKnownFileType = sourcecode.c.h; path = SYUserModel.h; sourceTree = "<group>"; };
		E332FBC71C59FFE500063AEA /* SYUserModel.m */ = {isa = PBXFileReference; fileEncoding = 4; lastKnownFileType = sourcecode.c.objc; path = SYUserModel.m; sourceTree = "<group>"; };
		E33928031C6301C00004346C /* SYContactViewController.h */ = {isa = PBXFileReference; fileEncoding = 4; lastKnownFileType = sourcecode.c.h; path = SYContactViewController.h; sourceTree = "<group>"; };
		E33928041C6301C00004346C /* SYContactViewController.m */ = {isa = PBXFileReference; fileEncoding = 4; lastKnownFileType = sourcecode.c.objc; path = SYContactViewController.m; sourceTree = "<group>"; };
		E34581361C2115CF0088BDA5 /* Bookworm.app */ = {isa = PBXFileReference; explicitFileType = wrapper.application; includeInIndex = 0; path = Bookworm.app; sourceTree = BUILT_PRODUCTS_DIR; };
		E345813A1C2115CF0088BDA5 /* main.m */ = {isa = PBXFileReference; lastKnownFileType = sourcecode.c.objc; path = main.m; sourceTree = "<group>"; };
		E345813C1C2115CF0088BDA5 /* AppDelegate.h */ = {isa = PBXFileReference; lastKnownFileType = sourcecode.c.h; path = AppDelegate.h; sourceTree = "<group>"; };
		E345813D1C2115CF0088BDA5 /* AppDelegate.m */ = {isa = PBXFileReference; lastKnownFileType = sourcecode.c.objc; path = AppDelegate.m; sourceTree = "<group>"; };
		E34581451C2115CF0088BDA5 /* Assets.xcassets */ = {isa = PBXFileReference; lastKnownFileType = folder.assetcatalog; path = Assets.xcassets; sourceTree = "<group>"; };
		E345814A1C2115CF0088BDA5 /* Info.plist */ = {isa = PBXFileReference; lastKnownFileType = text.plist.xml; path = Info.plist; sourceTree = "<group>"; };
		E345814F1C2115CF0088BDA5 /* BookwormTests.xctest */ = {isa = PBXFileReference; explicitFileType = wrapper.cfbundle; includeInIndex = 0; path = BookwormTests.xctest; sourceTree = BUILT_PRODUCTS_DIR; };
		E34581531C2115CF0088BDA5 /* BookwormTests.m */ = {isa = PBXFileReference; lastKnownFileType = sourcecode.c.objc; path = BookwormTests.m; sourceTree = "<group>"; };
		E34581551C2115CF0088BDA5 /* Info.plist */ = {isa = PBXFileReference; lastKnownFileType = text.plist.xml; path = Info.plist; sourceTree = "<group>"; };
		E345815A1C2115CF0088BDA5 /* BookwormUITests.xctest */ = {isa = PBXFileReference; explicitFileType = wrapper.cfbundle; includeInIndex = 0; path = BookwormUITests.xctest; sourceTree = BUILT_PRODUCTS_DIR; };
		E345815E1C2115CF0088BDA5 /* BookwormUITests.m */ = {isa = PBXFileReference; lastKnownFileType = sourcecode.c.objc; path = BookwormUITests.m; sourceTree = "<group>"; };
		E34581601C2115CF0088BDA5 /* Info.plist */ = {isa = PBXFileReference; lastKnownFileType = text.plist.xml; path = Info.plist; sourceTree = "<group>"; };
		E34581711C2134910088BDA5 /* Prefix.pch */ = {isa = PBXFileReference; fileEncoding = 4; lastKnownFileType = sourcecode.c.h; path = Prefix.pch; sourceTree = "<group>"; };
		E34581811C213A7D0088BDA5 /* NSDate+Base.h */ = {isa = PBXFileReference; fileEncoding = 4; lastKnownFileType = sourcecode.c.h; path = "NSDate+Base.h"; sourceTree = "<group>"; };
		E34581821C213A7D0088BDA5 /* NSDate+Base.m */ = {isa = PBXFileReference; fileEncoding = 4; lastKnownFileType = sourcecode.c.objc; path = "NSDate+Base.m"; sourceTree = "<group>"; };
		E34581831C213A7D0088BDA5 /* NSString+Base.h */ = {isa = PBXFileReference; fileEncoding = 4; lastKnownFileType = sourcecode.c.h; path = "NSString+Base.h"; sourceTree = "<group>"; };
		E34581841C213A7D0088BDA5 /* NSString+Base.m */ = {isa = PBXFileReference; fileEncoding = 4; lastKnownFileType = sourcecode.c.objc; path = "NSString+Base.m"; sourceTree = "<group>"; };
		E34581851C213A7D0088BDA5 /* UIBarButtonItem+Base.h */ = {isa = PBXFileReference; fileEncoding = 4; lastKnownFileType = sourcecode.c.h; path = "UIBarButtonItem+Base.h"; sourceTree = "<group>"; };
		E34581861C213A7D0088BDA5 /* UIBarButtonItem+Base.m */ = {isa = PBXFileReference; fileEncoding = 4; lastKnownFileType = sourcecode.c.objc; path = "UIBarButtonItem+Base.m"; sourceTree = "<group>"; };
		E34581871C213A7D0088BDA5 /* UIButton+Base.h */ = {isa = PBXFileReference; fileEncoding = 4; lastKnownFileType = sourcecode.c.h; path = "UIButton+Base.h"; sourceTree = "<group>"; };
		E34581881C213A7D0088BDA5 /* UIButton+Base.m */ = {isa = PBXFileReference; fileEncoding = 4; lastKnownFileType = sourcecode.c.objc; path = "UIButton+Base.m"; sourceTree = "<group>"; };
		E34581891C213A7D0088BDA5 /* UIColor+Base.h */ = {isa = PBXFileReference; fileEncoding = 4; lastKnownFileType = sourcecode.c.h; path = "UIColor+Base.h"; sourceTree = "<group>"; };
		E345818A1C213A7D0088BDA5 /* UIColor+Base.m */ = {isa = PBXFileReference; fileEncoding = 4; lastKnownFileType = sourcecode.c.objc; path = "UIColor+Base.m"; sourceTree = "<group>"; };
		E345818B1C213A7D0088BDA5 /* UIFont+Base.h */ = {isa = PBXFileReference; fileEncoding = 4; lastKnownFileType = sourcecode.c.h; path = "UIFont+Base.h"; sourceTree = "<group>"; };
		E345818C1C213A7D0088BDA5 /* UIFont+Base.m */ = {isa = PBXFileReference; fileEncoding = 4; lastKnownFileType = sourcecode.c.objc; path = "UIFont+Base.m"; sourceTree = "<group>"; };
		E345819E1C213FFB0088BDA5 /* JSONModel+Base.h */ = {isa = PBXFileReference; fileEncoding = 4; lastKnownFileType = sourcecode.c.h; path = "JSONModel+Base.h"; sourceTree = "<group>"; };
		E345819F1C213FFB0088BDA5 /* JSONModel+Base.m */ = {isa = PBXFileReference; fileEncoding = 4; lastKnownFileType = sourcecode.c.objc; path = "JSONModel+Base.m"; sourceTree = "<group>"; };
		E34581A01C213FFB0088BDA5 /* JSONValueTransformer+Mapper.h */ = {isa = PBXFileReference; fileEncoding = 4; lastKnownFileType = sourcecode.c.h; path = "JSONValueTransformer+Mapper.h"; sourceTree = "<group>"; };
		E34581A11C213FFB0088BDA5 /* JSONValueTransformer+Mapper.m */ = {isa = PBXFileReference; fileEncoding = 4; lastKnownFileType = sourcecode.c.objc; path = "JSONValueTransformer+Mapper.m"; sourceTree = "<group>"; };
		E34581A71C2142960088BDA5 /* CLLocationManager+Base.h */ = {isa = PBXFileReference; fileEncoding = 4; lastKnownFileType = sourcecode.c.h; path = "CLLocationManager+Base.h"; sourceTree = "<group>"; };
		E34581A81C2142960088BDA5 /* CLLocationManager+Base.m */ = {isa = PBXFileReference; fileEncoding = 4; lastKnownFileType = sourcecode.c.objc; path = "CLLocationManager+Base.m"; sourceTree = "<group>"; };
		E34581AA1C2143E20088BDA5 /* TestViewController.h */ = {isa = PBXFileReference; fileEncoding = 4; lastKnownFileType = sourcecode.c.h; path = TestViewController.h; sourceTree = "<group>"; };
		E34581AB1C2143E20088BDA5 /* TestViewController.m */ = {isa = PBXFileReference; fileEncoding = 4; lastKnownFileType = sourcecode.c.objc; path = TestViewController.m; sourceTree = "<group>"; };
		E34581AD1C21455C0088BDA5 /* UIViewController+Base.h */ = {isa = PBXFileReference; fileEncoding = 4; lastKnownFileType = sourcecode.c.h; path = "UIViewController+Base.h"; sourceTree = "<group>"; };
		E34581AE1C21455C0088BDA5 /* UIViewController+Base.m */ = {isa = PBXFileReference; fileEncoding = 4; lastKnownFileType = sourcecode.c.objc; path = "UIViewController+Base.m"; sourceTree = "<group>"; };
		E34581B01C214E890088BDA5 /* UIImageView+Base.h */ = {isa = PBXFileReference; fileEncoding = 4; lastKnownFileType = sourcecode.c.h; path = "UIImageView+Base.h"; sourceTree = "<group>"; };
		E34581B11C214E890088BDA5 /* UIImageView+Base.m */ = {isa = PBXFileReference; fileEncoding = 4; lastKnownFileType = sourcecode.c.objc; path = "UIImageView+Base.m"; sourceTree = "<group>"; };
		E34581B31C21512B0088BDA5 /* SYSessionManager.h */ = {isa = PBXFileReference; fileEncoding = 4; lastKnownFileType = sourcecode.c.h; path = SYSessionManager.h; sourceTree = "<group>"; };
		E34581B41C21512B0088BDA5 /* SYSessionManager.m */ = {isa = PBXFileReference; fileEncoding = 4; lastKnownFileType = sourcecode.c.objc; path = SYSessionManager.m; sourceTree = "<group>"; };
		E34581B61C2152F20088BDA5 /* SYAppSetting.h */ = {isa = PBXFileReference; fileEncoding = 4; lastKnownFileType = sourcecode.c.h; path = SYAppSetting.h; sourceTree = "<group>"; };
		E34581B71C2152F20088BDA5 /* SYAppSetting.m */ = {isa = PBXFileReference; fileEncoding = 4; lastKnownFileType = sourcecode.c.objc; path = SYAppSetting.m; sourceTree = "<group>"; };
		E34581B91C2158E00088BDA5 /* SYDeviceModel.h */ = {isa = PBXFileReference; fileEncoding = 4; lastKnownFileType = sourcecode.c.h; path = SYDeviceModel.h; sourceTree = "<group>"; };
		E34581BA1C2158E00088BDA5 /* SYDeviceModel.m */ = {isa = PBXFileReference; fileEncoding = 4; lastKnownFileType = sourcecode.c.objc; path = SYDeviceModel.m; sourceTree = "<group>"; };
		E34581BC1C21634A0088BDA5 /* SYLocalizableConstant.h */ = {isa = PBXFileReference; fileEncoding = 4; lastKnownFileType = sourcecode.c.h; path = SYLocalizableConstant.h; sourceTree = "<group>"; };
		E34581D11C216C510088BDA5 /* SYServerAPI.h */ = {isa = PBXFileReference; fileEncoding = 4; lastKnownFileType = sourcecode.c.h; path = SYServerAPI.h; sourceTree = "<group>"; };
		E34581D21C216C510088BDA5 /* SYServerAPI.m */ = {isa = PBXFileReference; fileEncoding = 4; lastKnownFileType = sourcecode.c.objc; path = SYServerAPI.m; sourceTree = "<group>"; };
		E34581D51C216E860088BDA5 /* app-setting.plist */ = {isa = PBXFileReference; fileEncoding = 4; lastKnownFileType = text.plist.xml; name = "app-setting.plist"; path = "Configs/app-setting.plist"; sourceTree = "<group>"; };
		E34581D91C216FD40088BDA5 /* SYBaseService.h */ = {isa = PBXFileReference; fileEncoding = 4; lastKnownFileType = sourcecode.c.h; path = SYBaseService.h; sourceTree = "<group>"; };
		E34581DA1C216FD40088BDA5 /* SYBaseService.m */ = {isa = PBXFileReference; fileEncoding = 4; lastKnownFileType = sourcecode.c.objc; path = SYBaseService.m; sourceTree = "<group>"; };
		E34581DC1C217F740088BDA5 /* SYDeviceService.h */ = {isa = PBXFileReference; fileEncoding = 4; lastKnownFileType = sourcecode.c.h; path = SYDeviceService.h; sourceTree = "<group>"; };
		E34581DD1C217F740088BDA5 /* SYDeviceService.m */ = {isa = PBXFileReference; fileEncoding = 4; lastKnownFileType = sourcecode.c.objc; path = SYDeviceService.m; sourceTree = "<group>"; };
		E361DEBE1C4E0B530042C75A /* SYSocketManager.h */ = {isa = PBXFileReference; fileEncoding = 4; lastKnownFileType = sourcecode.c.h; path = SYSocketManager.h; sourceTree = "<group>"; };
		E361DEBF1C4E0B530042C75A /* SYSocketManager.m */ = {isa = PBXFileReference; fileEncoding = 4; lastKnownFileType = sourcecode.c.objc; path = SYSocketManager.m; sourceTree = "<group>"; };
		E361DEC11C4E2AF50042C75A /* UIAlertController+Base.h */ = {isa = PBXFileReference; fileEncoding = 4; lastKnownFileType = sourcecode.c.h; path = "UIAlertController+Base.h"; sourceTree = "<group>"; };
		E361DEC21C4E2AF50042C75A /* UIAlertController+Base.m */ = {isa = PBXFileReference; fileEncoding = 4; lastKnownFileType = sourcecode.c.objc; path = "UIAlertController+Base.m"; sourceTree = "<group>"; };
		E361DEC41C4E2EFF0042C75A /* HTTPHeaderField.h */ = {isa = PBXFileReference; lastKnownFileType = sourcecode.c.h; path = HTTPHeaderField.h; sourceTree = "<group>"; };
		E361DEC51C4E34FE0042C75A /* AppDelegate+Analytics.h */ = {isa = PBXFileReference; fileEncoding = 4; lastKnownFileType = sourcecode.c.h; path = "AppDelegate+Analytics.h"; sourceTree = "<group>"; };
		E361DEC61C4E34FE0042C75A /* AppDelegate+Analytics.m */ = {isa = PBXFileReference; fileEncoding = 4; lastKnownFileType = sourcecode.c.objc; path = "AppDelegate+Analytics.m"; sourceTree = "<group>"; };
		E37E76B31C80078800AE7D47 /* SYNotificationModel.h */ = {isa = PBXFileReference; fileEncoding = 4; lastKnownFileType = sourcecode.c.h; path = SYNotificationModel.h; sourceTree = "<group>"; };
		E37E76B41C80078800AE7D47 /* SYNotificationModel.m */ = {isa = PBXFileReference; fileEncoding = 4; lastKnownFileType = sourcecode.c.objc; path = SYNotificationModel.m; sourceTree = "<group>"; };
		E3957CE01C5137B30017E31F /* GVUserDefaults+Properties.h */ = {isa = PBXFileReference; fileEncoding = 4; lastKnownFileType = sourcecode.c.h; path = "GVUserDefaults+Properties.h"; sourceTree = "<group>"; };
		E3957CE11C5137B30017E31F /* GVUserDefaults+Properties.m */ = {isa = PBXFileReference; fileEncoding = 4; lastKnownFileType = sourcecode.c.objc; path = "GVUserDefaults+Properties.m"; sourceTree = "<group>"; };
		E39B45891C5B789F00FEAFC8 /* SYSettingViewController.h */ = {isa = PBXFileReference; fileEncoding = 4; lastKnownFileType = sourcecode.c.h; lineEnding = 0; path = SYSettingViewController.h; sourceTree = "<group>"; xcLanguageSpecificationIdentifier = xcode.lang.objcpp; };
		E39B458A1C5B789F00FEAFC8 /* SYSettingViewController.m */ = {isa = PBXFileReference; fileEncoding = 4; lastKnownFileType = sourcecode.c.objc; lineEnding = 0; path = SYSettingViewController.m; sourceTree = "<group>"; xcLanguageSpecificationIdentifier = xcode.lang.objc; };
		E39B458C1C5B78CB00FEAFC8 /* SYGuideViewController.h */ = {isa = PBXFileReference; fileEncoding = 4; lastKnownFileType = sourcecode.c.h; lineEnding = 0; path = SYGuideViewController.h; sourceTree = "<group>"; xcLanguageSpecificationIdentifier = xcode.lang.objcpp; };
		E39B458D1C5B78CB00FEAFC8 /* SYGuideViewController.m */ = {isa = PBXFileReference; fileEncoding = 4; lastKnownFileType = sourcecode.c.objc; lineEnding = 0; path = SYGuideViewController.m; sourceTree = "<group>"; xcLanguageSpecificationIdentifier = xcode.lang.objc; };
		E39B458F1C5B794300FEAFC8 /* SYFollowListViewController.h */ = {isa = PBXFileReference; fileEncoding = 4; lastKnownFileType = sourcecode.c.h; lineEnding = 0; path = SYFollowListViewController.h; sourceTree = "<group>"; xcLanguageSpecificationIdentifier = xcode.lang.objcpp; };
		E39B45901C5B794300FEAFC8 /* SYFollowListViewController.m */ = {isa = PBXFileReference; fileEncoding = 4; lastKnownFileType = sourcecode.c.objc; lineEnding = 0; path = SYFollowListViewController.m; sourceTree = "<group>"; xcLanguageSpecificationIdentifier = xcode.lang.objc; };
		E39B45951C5B7A7800FEAFC8 /* SYProfileViewController.h */ = {isa = PBXFileReference; fileEncoding = 4; lastKnownFileType = sourcecode.c.h; lineEnding = 0; path = SYProfileViewController.h; sourceTree = "<group>"; xcLanguageSpecificationIdentifier = xcode.lang.objcpp; };
		E39B45961C5B7A7800FEAFC8 /* SYProfileViewController.m */ = {isa = PBXFileReference; fileEncoding = 4; lastKnownFileType = sourcecode.c.objc; lineEnding = 0; path = SYProfileViewController.m; sourceTree = "<group>"; xcLanguageSpecificationIdentifier = xcode.lang.objc; };
		E39B459B1C5B841D00FEAFC8 /* SYSignUpViewController.h */ = {isa = PBXFileReference; fileEncoding = 4; lastKnownFileType = sourcecode.c.h; path = SYSignUpViewController.h; sourceTree = "<group>"; };
		E39B459C1C5B841D00FEAFC8 /* SYSignUpViewController.m */ = {isa = PBXFileReference; fileEncoding = 4; lastKnownFileType = sourcecode.c.objc; path = SYSignUpViewController.m; sourceTree = "<group>"; };
		E39B459E1C5B843800FEAFC8 /* SYSignInViewController.h */ = {isa = PBXFileReference; fileEncoding = 4; lastKnownFileType = sourcecode.c.h; path = SYSignInViewController.h; sourceTree = "<group>"; };
		E39B459F1C5B843800FEAFC8 /* SYSignInViewController.m */ = {isa = PBXFileReference; fileEncoding = 4; lastKnownFileType = sourcecode.c.objc; path = SYSignInViewController.m; sourceTree = "<group>"; };
		E39C12E21C574BDC00F0FF10 /* SYSocketModel.h */ = {isa = PBXFileReference; fileEncoding = 4; lastKnownFileType = sourcecode.c.h; path = SYSocketModel.h; sourceTree = "<group>"; };
		E39C12E31C574BDC00F0FF10 /* SYSocketModel.m */ = {isa = PBXFileReference; fileEncoding = 4; lastKnownFileType = sourcecode.c.objc; path = SYSocketModel.m; sourceTree = "<group>"; };
		E39FB1871C60881600EB5052 /* SYBubbleTableViewCell.h */ = {isa = PBXFileReference; fileEncoding = 4; lastKnownFileType = sourcecode.c.h; path = SYBubbleTableViewCell.h; sourceTree = "<group>"; };
		E39FB1881C60881600EB5052 /* SYBubbleTableViewCell.m */ = {isa = PBXFileReference; fileEncoding = 4; lastKnownFileType = sourcecode.c.objc; path = SYBubbleTableViewCell.m; sourceTree = "<group>"; };
		E3A218A71D1E5D9C000E0217 /* UIView+Base.h */ = {isa = PBXFileReference; fileEncoding = 4; lastKnownFileType = sourcecode.c.h; path = "UIView+Base.h"; sourceTree = "<group>"; };
		E3A218A81D1E5D9C000E0217 /* UIView+Base.m */ = {isa = PBXFileReference; fileEncoding = 4; lastKnownFileType = sourcecode.c.objc; path = "UIView+Base.m"; sourceTree = "<group>"; };
		E3A218AA1D1E60FD000E0217 /* SYUtilities.h */ = {isa = PBXFileReference; fileEncoding = 4; lastKnownFileType = sourcecode.c.h; path = SYUtilities.h; sourceTree = "<group>"; };
		E3A218AB1D1E60FD000E0217 /* SYUtilities.m */ = {isa = PBXFileReference; fileEncoding = 4; lastKnownFileType = sourcecode.c.objc; path = SYUtilities.m; sourceTree = "<group>"; };
		E3A218AD1D1FC74E000E0217 /* SYTableViewCell.h */ = {isa = PBXFileReference; fileEncoding = 4; lastKnownFileType = sourcecode.c.h; path = SYTableViewCell.h; sourceTree = "<group>"; };
		E3A218AE1D1FC74E000E0217 /* SYTableViewCell.m */ = {isa = PBXFileReference; fileEncoding = 4; lastKnownFileType = sourcecode.c.objc; path = SYTableViewCell.m; sourceTree = "<group>"; };
		E3A218B01D1FE26B000E0217 /* NSLayoutConstraint+Base.h */ = {isa = PBXFileReference; fileEncoding = 4; lastKnownFileType = sourcecode.c.h; path = "NSLayoutConstraint+Base.h"; sourceTree = "<group>"; };
		E3A218B11D1FE26B000E0217 /* NSLayoutConstraint+Base.m */ = {isa = PBXFileReference; fileEncoding = 4; lastKnownFileType = sourcecode.c.objc; path = "NSLayoutConstraint+Base.m"; sourceTree = "<group>"; };
		E3B0CAE01C981B3F009950B2 /* SYInitialViewController.h */ = {isa = PBXFileReference; fileEncoding = 4; lastKnownFileType = sourcecode.c.h; path = SYInitialViewController.h; sourceTree = "<group>"; };
		E3B0CAE11C981B3F009950B2 /* SYInitialViewController.m */ = {isa = PBXFileReference; fileEncoding = 4; lastKnownFileType = sourcecode.c.objc; path = SYInitialViewController.m; sourceTree = "<group>"; };
		E3B0CAEA1C994A6D009950B2 /* UIToolbar+Base.h */ = {isa = PBXFileReference; fileEncoding = 4; lastKnownFileType = sourcecode.c.h; path = "UIToolbar+Base.h"; sourceTree = "<group>"; };
		E3B0CAEB1C994A6D009950B2 /* UIToolbar+Base.m */ = {isa = PBXFileReference; fileEncoding = 4; lastKnownFileType = sourcecode.c.objc; path = "UIToolbar+Base.m"; sourceTree = "<group>"; };
		E3B0CAED1C9966C1009950B2 /* guide0.jpg */ = {isa = PBXFileReference; lastKnownFileType = image.jpeg; path = guide0.jpg; sourceTree = "<group>"; };
		E3B0CAEE1C9966C1009950B2 /* guide1.jpg */ = {isa = PBXFileReference; lastKnownFileType = image.jpeg; path = guide1.jpg; sourceTree = "<group>"; };
		E3B0CAEF1C9966C1009950B2 /* guide2.jpg */ = {isa = PBXFileReference; lastKnownFileType = image.jpeg; path = guide2.jpg; sourceTree = "<group>"; };
		E3BBDCA01C5916630012834A /* UILabel+Base.h */ = {isa = PBXFileReference; fileEncoding = 4; lastKnownFileType = sourcecode.c.h; path = "UILabel+Base.h"; sourceTree = "<group>"; };
		E3BBDCA11C5916630012834A /* UILabel+Base.m */ = {isa = PBXFileReference; fileEncoding = 4; lastKnownFileType = sourcecode.c.objc; path = "UILabel+Base.m"; sourceTree = "<group>"; };
		E3BBDCE71C5938DE0012834A /* Bookworm.xcdatamodel */ = {isa = PBXFileReference; lastKnownFileType = wrapper.xcdatamodel; path = Bookworm.xcdatamodel; sourceTree = "<group>"; };
		E3BEDFC61C23FC8F00E6DB58 /* libz.tbd */ = {isa = PBXFileReference; lastKnownFileType = "sourcecode.text-based-dylib-definition"; name = libz.tbd; path = usr/lib/libz.tbd; sourceTree = SDKROOT; };
		E3D5C65B1C5D3C4900ADDCA4 /* SYSoundPlayer.h */ = {isa = PBXFileReference; fileEncoding = 4; lastKnownFileType = sourcecode.c.h; path = SYSoundPlayer.h; sourceTree = "<group>"; };
		E3D5C65C1C5D3C4900ADDCA4 /* SYSoundPlayer.m */ = {isa = PBXFileReference; fileEncoding = 4; lastKnownFileType = sourcecode.c.objc; path = SYSoundPlayer.m; sourceTree = "<group>"; };
		E3E810351C48D85E00C0ACAF /* NSTimer+Base.h */ = {isa = PBXFileReference; fileEncoding = 4; lastKnownFileType = sourcecode.c.h; path = "NSTimer+Base.h"; sourceTree = "<group>"; };
		E3E810361C48D85E00C0ACAF /* NSTimer+Base.m */ = {isa = PBXFileReference; fileEncoding = 4; lastKnownFileType = sourcecode.c.objc; path = "NSTimer+Base.m"; sourceTree = "<group>"; };
		E3EB14921C51E6B300D10026 /* NSData+Base.h */ = {isa = PBXFileReference; fileEncoding = 4; lastKnownFileType = sourcecode.c.h; path = "NSData+Base.h"; sourceTree = "<group>"; };
		E3EB14931C51E6B300D10026 /* NSData+Base.m */ = {isa = PBXFileReference; fileEncoding = 4; lastKnownFileType = sourcecode.c.objc; path = "NSData+Base.m"; sourceTree = "<group>"; };
		E3EB149B1C520EF000D10026 /* SYTextView.h */ = {isa = PBXFileReference; fileEncoding = 4; lastKnownFileType = sourcecode.c.h; path = SYTextView.h; sourceTree = "<group>"; };
		E3EB149C1C520EF000D10026 /* SYTextView.m */ = {isa = PBXFileReference; fileEncoding = 4; lastKnownFileType = sourcecode.c.objc; path = SYTextView.m; sourceTree = "<group>"; };
		E3EB14A51C52166F00D10026 /* SYButtonTableViewCell.h */ = {isa = PBXFileReference; fileEncoding = 4; lastKnownFileType = sourcecode.c.h; path = SYButtonTableViewCell.h; sourceTree = "<group>"; };
		E3EB14A61C52166F00D10026 /* SYButtonTableViewCell.m */ = {isa = PBXFileReference; fileEncoding = 4; lastKnownFileType = sourcecode.c.objc; path = SYButtonTableViewCell.m; sourceTree = "<group>"; };
		E3EB14A71C52166F00D10026 /* SYMessageTableViewCell.h */ = {isa = PBXFileReference; fileEncoding = 4; lastKnownFileType = sourcecode.c.h; path = SYMessageTableViewCell.h; sourceTree = "<group>"; };
		E3EB14A81C52166F00D10026 /* SYMessageTableViewCell.m */ = {isa = PBXFileReference; fileEncoding = 4; lastKnownFileType = sourcecode.c.objc; path = SYMessageTableViewCell.m; sourceTree = "<group>"; };
		E3EB14A91C52166F00D10026 /* SYTextTableViewCell.h */ = {isa = PBXFileReference; fileEncoding = 4; lastKnownFileType = sourcecode.c.h; path = SYTextTableViewCell.h; sourceTree = "<group>"; };
		E3EB14AA1C52166F00D10026 /* SYTextTableViewCell.m */ = {isa = PBXFileReference; fileEncoding = 4; lastKnownFileType = sourcecode.c.objc; path = SYTextTableViewCell.m; sourceTree = "<group>"; };
		E3EB14AB1C52166F00D10026 /* SYTipTableViewCell.h */ = {isa = PBXFileReference; fileEncoding = 4; lastKnownFileType = sourcecode.c.h; path = SYTipTableViewCell.h; sourceTree = "<group>"; };
		E3EB14AC1C52166F00D10026 /* SYTipTableViewCell.m */ = {isa = PBXFileReference; fileEncoding = 4; lastKnownFileType = sourcecode.c.objc; path = SYTipTableViewCell.m; sourceTree = "<group>"; };
		E3EB14B41C52171400D10026 /* UITableViewCell+Base.h */ = {isa = PBXFileReference; fileEncoding = 4; lastKnownFileType = sourcecode.c.h; path = "UITableViewCell+Base.h"; sourceTree = "<group>"; };
		E3EB14B51C52171400D10026 /* UITableViewCell+Base.m */ = {isa = PBXFileReference; fileEncoding = 4; lastKnownFileType = sourcecode.c.objc; path = "UITableViewCell+Base.m"; sourceTree = "<group>"; };
		E3FF2EEB1C34F0C600A6C7BF /* HTTPStatusCode.h */ = {isa = PBXFileReference; fileEncoding = 4; lastKnownFileType = sourcecode.c.h; path = HTTPStatusCode.h; sourceTree = "<group>"; };
		E3FF2EEC1C35007E00A6C7BF /* UISwitch+Base.h */ = {isa = PBXFileReference; fileEncoding = 4; lastKnownFileType = sourcecode.c.h; path = "UISwitch+Base.h"; sourceTree = "<group>"; };
		E3FF2EED1C35007E00A6C7BF /* UISwitch+Base.m */ = {isa = PBXFileReference; fileEncoding = 4; lastKnownFileType = sourcecode.c.objc; path = "UISwitch+Base.m"; sourceTree = "<group>"; };
		E3FF2EEF1C35016200A6C7BF /* UIImage+Base.h */ = {isa = PBXFileReference; fileEncoding = 4; lastKnownFileType = sourcecode.c.h; path = "UIImage+Base.h"; sourceTree = "<group>"; };
		E3FF2EF01C35016200A6C7BF /* UIImage+Base.m */ = {isa = PBXFileReference; fileEncoding = 4; lastKnownFileType = sourcecode.c.objc; path = "UIImage+Base.m"; sourceTree = "<group>"; };
/* End PBXFileReference section */

/* Begin PBXFrameworksBuildPhase section */
		E34581331C2115CF0088BDA5 /* Frameworks */ = {
			isa = PBXFrameworksBuildPhase;
			buildActionMask = 2147483647;
			files = (
				E3BEDFC71C23FC8F00E6DB58 /* libz.tbd in Frameworks */,
				4593672EF1DB3403A0AED1A8 /* Pods_Bookworm.framework in Frameworks */,
			);
			runOnlyForDeploymentPostprocessing = 0;
		};
		E345814C1C2115CF0088BDA5 /* Frameworks */ = {
			isa = PBXFrameworksBuildPhase;
			buildActionMask = 2147483647;
			files = (
			);
			runOnlyForDeploymentPostprocessing = 0;
		};
		E34581571C2115CF0088BDA5 /* Frameworks */ = {
			isa = PBXFrameworksBuildPhase;
			buildActionMask = 2147483647;
			files = (
			);
			runOnlyForDeploymentPostprocessing = 0;
		};
/* End PBXFrameworksBuildPhase section */

/* Begin PBXGroup section */
		86C0D79D4AB04244D083F067 /* Frameworks */ = {
			isa = PBXGroup;
			children = (
				E3BEDFC61C23FC8F00E6DB58 /* libz.tbd */,
				C405D6E1783812DAA3AE4D72 /* Pods_Bookworm.framework */,
			);
			name = Frameworks;
			sourceTree = "<group>";
		};
		994AF20D1E9EF0C504D43048 /* Pods */ = {
			isa = PBXGroup;
			children = (
				04C439D3B77FA89A53B32262 /* Pods-Bookworm.debug.xcconfig */,
				6CB466169511A17B83C08626 /* Pods-Bookworm.release.xcconfig */,
			);
			name = Pods;
			sourceTree = "<group>";
		};
		E345812D1C2115CF0088BDA5 = {
			isa = PBXGroup;
			children = (
				E34581381C2115CF0088BDA5 /* Bookworm */,
				E34581521C2115CF0088BDA5 /* BookwormTests */,
				E345815D1C2115CF0088BDA5 /* BookwormUITests */,
				E34581371C2115CF0088BDA5 /* Products */,
				86C0D79D4AB04244D083F067 /* Frameworks */,
				994AF20D1E9EF0C504D43048 /* Pods */,
			);
			sourceTree = "<group>";
		};
		E34581371C2115CF0088BDA5 /* Products */ = {
			isa = PBXGroup;
			children = (
				E34581361C2115CF0088BDA5 /* Bookworm.app */,
				E345814F1C2115CF0088BDA5 /* BookwormTests.xctest */,
				E345815A1C2115CF0088BDA5 /* BookwormUITests.xctest */,
			);
			name = Products;
			sourceTree = "<group>";
		};
		E34581381C2115CF0088BDA5 /* Bookworm */ = {
			isa = PBXGroup;
			children = (
				E34581721C2135F30088BDA5 /* Category */,
				E34581731C2135F30088BDA5 /* Common */,
				E34581751C2135F30088BDA5 /* Controller */,
				E34581761C2135F30088BDA5 /* Model */,
				E34581771C2135F30088BDA5 /* Networking */,
				E34581781C2135F30088BDA5 /* Service */,
				E34581791C2135F30088BDA5 /* View */,
				E345813C1C2115CF0088BDA5 /* AppDelegate.h */,
				E345813D1C2115CF0088BDA5 /* AppDelegate.m */,
				E361DEC51C4E34FE0042C75A /* AppDelegate+Analytics.h */,
				E361DEC61C4E34FE0042C75A /* AppDelegate+Analytics.m */,
				E34581AA1C2143E20088BDA5 /* TestViewController.h */,
				E34581AB1C2143E20088BDA5 /* TestViewController.m */,
				E3BBDCE61C5938DE0012834A /* Bookworm.xcdatamodeld */,
				E34581471C2115CF0088BDA5 /* LaunchScreen.storyboard */,
				E34581421C2115CF0088BDA5 /* Main.storyboard */,
				E34581451C2115CF0088BDA5 /* Assets.xcassets */,
				E3B0CAE31C99145C009950B2 /* Images */,
				E34581391C2115CF0088BDA5 /* Supporting Files */,
			);
			path = Bookworm;
			sourceTree = "<group>";
		};
		E34581391C2115CF0088BDA5 /* Supporting Files */ = {
			isa = PBXGroup;
			children = (
				E34581D51C216E860088BDA5 /* app-setting.plist */,
				E32F00E11C9111F70024086B /* social-share.plist */,
				E345814A1C2115CF0088BDA5 /* Info.plist */,
				E34581C91C2169EA0088BDA5 /* InfoPlist.strings */,
				E34581CC1C2169F20088BDA5 /* Localizable.strings */,
				E345813A1C2115CF0088BDA5 /* main.m */,
				E34581711C2134910088BDA5 /* Prefix.pch */,
			);
			name = "Supporting Files";
			sourceTree = "<group>";
		};
		E34581521C2115CF0088BDA5 /* BookwormTests */ = {
			isa = PBXGroup;
			children = (
				E34581531C2115CF0088BDA5 /* BookwormTests.m */,
				E34581551C2115CF0088BDA5 /* Info.plist */,
			);
			path = BookwormTests;
			sourceTree = "<group>";
		};
		E345815D1C2115CF0088BDA5 /* BookwormUITests */ = {
			isa = PBXGroup;
			children = (
				E345815E1C2115CF0088BDA5 /* BookwormUITests.m */,
				E34581601C2115CF0088BDA5 /* Info.plist */,
			);
			path = BookwormUITests;
			sourceTree = "<group>";
		};
		E34581721C2135F30088BDA5 /* Category */ = {
			isa = PBXGroup;
			children = (
				E3EB14B71C52173200D10026 /* UIKIT */,
				E34581A71C2142960088BDA5 /* CLLocationManager+Base.h */,
				E34581A81C2142960088BDA5 /* CLLocationManager+Base.m */,
				E3EB14921C51E6B300D10026 /* NSData+Base.h */,
				E3EB14931C51E6B300D10026 /* NSData+Base.m */,
				E34581811C213A7D0088BDA5 /* NSDate+Base.h */,
				E34581821C213A7D0088BDA5 /* NSDate+Base.m */,
				E3A218B01D1FE26B000E0217 /* NSLayoutConstraint+Base.h */,
				E3A218B11D1FE26B000E0217 /* NSLayoutConstraint+Base.m */,
				E34581831C213A7D0088BDA5 /* NSString+Base.h */,
				E34581841C213A7D0088BDA5 /* NSString+Base.m */,
				E3E810351C48D85E00C0ACAF /* NSTimer+Base.h */,
				E3E810361C48D85E00C0ACAF /* NSTimer+Base.m */,
				E31DBAE91C27CAE500FD5F36 /* SVProgressHUD+Base.h */,
				E31DBAEA1C27CAE500FD5F36 /* SVProgressHUD+Base.m */,
			);
			path = Category;
			sourceTree = "<group>";
		};
		E34581731C2135F30088BDA5 /* Common */ = {
			isa = PBXGroup;
			children = (
				E3957CE01C5137B30017E31F /* GVUserDefaults+Properties.h */,
				E3957CE11C5137B30017E31F /* GVUserDefaults+Properties.m */,
				E361DEC41C4E2EFF0042C75A /* HTTPHeaderField.h */,
				E3FF2EEB1C34F0C600A6C7BF /* HTTPStatusCode.h */,
				E34581B61C2152F20088BDA5 /* SYAppSetting.h */,
				E34581B71C2152F20088BDA5 /* SYAppSetting.m */,
				E34581BC1C21634A0088BDA5 /* SYLocalizableConstant.h */,
				E34581D11C216C510088BDA5 /* SYServerAPI.h */,
				E34581D21C216C510088BDA5 /* SYServerAPI.m */,
				E32F00FA1C9149330024086B /* SYSocialShare.h */,
				E32F00FB1C9149330024086B /* SYSocialShare.m */,
				E3D5C65B1C5D3C4900ADDCA4 /* SYSoundPlayer.h */,
				E3D5C65C1C5D3C4900ADDCA4 /* SYSoundPlayer.m */,
				E3A218AA1D1E60FD000E0217 /* SYUtilities.h */,
				E3A218AB1D1E60FD000E0217 /* SYUtilities.m */,
			);
			path = Common;
			sourceTree = "<group>";
		};
		E34581751C2135F30088BDA5 /* Controller */ = {
			isa = PBXGroup;
			children = (
				E30A49FC1C5B3CB6009BD684 /* SYChatViewController.h */,
				E30A49FD1C5B3CB6009BD684 /* SYChatViewController.m */,
				E33928031C6301C00004346C /* SYContactViewController.h */,
				E33928041C6301C00004346C /* SYContactViewController.m */,
				E39B458F1C5B794300FEAFC8 /* SYFollowListViewController.h */,
				E39B45901C5B794300FEAFC8 /* SYFollowListViewController.m */,
				E39B458C1C5B78CB00FEAFC8 /* SYGuideViewController.h */,
				E39B458D1C5B78CB00FEAFC8 /* SYGuideViewController.m */,
				E30A49ED1C5B12C3009BD684 /* SYHomeViewController.h */,
				E30A49EE1C5B12C3009BD684 /* SYHomeViewController.m */,
				E3B0CAE01C981B3F009950B2 /* SYInitialViewController.h */,
				E3B0CAE11C981B3F009950B2 /* SYInitialViewController.m */,
				E30A49EA1C5B1257009BD684 /* SYMessageViewController.h */,
				E30A49EB1C5B1257009BD684 /* SYMessageViewController.m */,
				E30A49F01C5B12EB009BD684 /* SYMeViewController.h */,
				E30A49F11C5B12EB009BD684 /* SYMeViewController.m */,
				E39B45951C5B7A7800FEAFC8 /* SYProfileViewController.h */,
				E39B45961C5B7A7800FEAFC8 /* SYProfileViewController.m */,
				E31F8D8A1C3CC1AD0079D9BA /* SYScrollViewController.h */,
				E31F8D8B1C3CC1AD0079D9BA /* SYScrollViewController.m */,
				E39B45891C5B789F00FEAFC8 /* SYSettingViewController.h */,
				E39B458A1C5B789F00FEAFC8 /* SYSettingViewController.m */,
				E39B459E1C5B843800FEAFC8 /* SYSignInViewController.h */,
				E39B459F1C5B843800FEAFC8 /* SYSignInViewController.m */,
				E39B459B1C5B841D00FEAFC8 /* SYSignUpViewController.h */,
				E39B459C1C5B841D00FEAFC8 /* SYSignUpViewController.m */,
				E30A49E71C5B1206009BD684 /* SYTabBarController.h */,
				E30A49E81C5B1206009BD684 /* SYTabBarController.m */,
				E30A49F31C5B193E009BD684 /* SYWishViewController.h */,
				E30A49F41C5B193E009BD684 /* SYWishViewController.m */,
			);
			path = Controller;
			sourceTree = "<group>";
		};
		E34581761C2135F30088BDA5 /* Model */ = {
			isa = PBXGroup;
			children = (
				E345819C1C213FEC0088BDA5 /* Category */,
				E30A49F61C5B19D7009BD684 /* SYContactModel.h */,
				E30A49F71C5B19D7009BD684 /* SYContactModel.m */,
				E34581B91C2158E00088BDA5 /* SYDeviceModel.h */,
				E34581BA1C2158E00088BDA5 /* SYDeviceModel.m */,
				E37E76B31C80078800AE7D47 /* SYNotificationModel.h */,
				E37E76B41C80078800AE7D47 /* SYNotificationModel.m */,
				E39C12E21C574BDC00F0FF10 /* SYSocketModel.h */,
				E39C12E31C574BDC00F0FF10 /* SYSocketModel.m */,
				E332FBC61C59FFE500063AEA /* SYUserModel.h */,
				E332FBC71C59FFE500063AEA /* SYUserModel.m */,
			);
			path = Model;
			sourceTree = "<group>";
		};
		E34581771C2135F30088BDA5 /* Networking */ = {
			isa = PBXGroup;
			children = (
				E34581B31C21512B0088BDA5 /* SYSessionManager.h */,
				E34581B41C21512B0088BDA5 /* SYSessionManager.m */,
				E361DEBE1C4E0B530042C75A /* SYSocketManager.h */,
				E361DEBF1C4E0B530042C75A /* SYSocketManager.m */,
			);
			path = Networking;
			sourceTree = "<group>";
		};
		E34581781C2135F30088BDA5 /* Service */ = {
			isa = PBXGroup;
			children = (
				E34581D91C216FD40088BDA5 /* SYBaseService.h */,
				E34581DA1C216FD40088BDA5 /* SYBaseService.m */,
				E30A49F91C5B1BF6009BD684 /* SYContactService.h */,
				E30A49FA1C5B1BF6009BD684 /* SYContactService.m */,
				E34581DC1C217F740088BDA5 /* SYDeviceService.h */,
				E34581DD1C217F740088BDA5 /* SYDeviceService.m */,
				E31DBAF01C2801A000FD5F36 /* SYMessageService.h */,
				E31DBAF11C2801A000FD5F36 /* SYMessageService.m */,
				E31DBAF31C2801BA00FD5F36 /* SYUserService.h */,
				E31DBAF41C2801BA00FD5F36 /* SYUserService.m */,
			);
			path = Service;
			sourceTree = "<group>";
		};
		E34581791C2135F30088BDA5 /* View */ = {
			isa = PBXGroup;
			children = (
				E3EB14A41C52166700D10026 /* Cell */,
				E32F00FD1C9170520024086B /* SYStackView.h */,
				E32F00FE1C9170520024086B /* SYStackView.m */,
				E3EB149B1C520EF000D10026 /* SYTextView.h */,
				E3EB149C1C520EF000D10026 /* SYTextView.m */,
			);
			path = View;
			sourceTree = "<group>";
		};
		E345819C1C213FEC0088BDA5 /* Category */ = {
			isa = PBXGroup;
			children = (
				E345819E1C213FFB0088BDA5 /* JSONModel+Base.h */,
				E345819F1C213FFB0088BDA5 /* JSONModel+Base.m */,
				E34581A01C213FFB0088BDA5 /* JSONValueTransformer+Mapper.h */,
				E34581A11C213FFB0088BDA5 /* JSONValueTransformer+Mapper.m */,
				E316C7231C590E030073C886 /* NSArray+Model.h */,
				E316C7241C590E030073C886 /* NSArray+Model.m */,
			);
			path = Category;
			sourceTree = "<group>";
		};
		E3B0CAE31C99145C009950B2 /* Images */ = {
			isa = PBXGroup;
			children = (
				E3B0CAED1C9966C1009950B2 /* guide0.jpg */,
				E3B0CAEE1C9966C1009950B2 /* guide1.jpg */,
				E3B0CAEF1C9966C1009950B2 /* guide2.jpg */,
			);
			path = Images;
			sourceTree = "<group>";
		};
		E3EB14A41C52166700D10026 /* Cell */ = {
			isa = PBXGroup;
			children = (
				E39FB1871C60881600EB5052 /* SYBubbleTableViewCell.h */,
				E39FB1881C60881600EB5052 /* SYBubbleTableViewCell.m */,
				E3EB14A51C52166F00D10026 /* SYButtonTableViewCell.h */,
				E3EB14A61C52166F00D10026 /* SYButtonTableViewCell.m */,
				E3EB14A71C52166F00D10026 /* SYMessageTableViewCell.h */,
				E3EB14A81C52166F00D10026 /* SYMessageTableViewCell.m */,
				E3A218AD1D1FC74E000E0217 /* SYTableViewCell.h */,
				E3A218AE1D1FC74E000E0217 /* SYTableViewCell.m */,
				E3EB14A91C52166F00D10026 /* SYTextTableViewCell.h */,
				E3EB14AA1C52166F00D10026 /* SYTextTableViewCell.m */,
				E3EB14AB1C52166F00D10026 /* SYTipTableViewCell.h */,
				E3EB14AC1C52166F00D10026 /* SYTipTableViewCell.m */,
			);
			name = Cell;
			sourceTree = "<group>";
		};
		E3EB14B71C52173200D10026 /* UIKIT */ = {
			isa = PBXGroup;
			children = (
				E361DEC11C4E2AF50042C75A /* UIAlertController+Base.h */,
				E361DEC21C4E2AF50042C75A /* UIAlertController+Base.m */,
				E34581851C213A7D0088BDA5 /* UIBarButtonItem+Base.h */,
				E34581861C213A7D0088BDA5 /* UIBarButtonItem+Base.m */,
				E34581871C213A7D0088BDA5 /* UIButton+Base.h */,
				E34581881C213A7D0088BDA5 /* UIButton+Base.m */,
				E34581891C213A7D0088BDA5 /* UIColor+Base.h */,
				E345818A1C213A7D0088BDA5 /* UIColor+Base.m */,
				E345818B1C213A7D0088BDA5 /* UIFont+Base.h */,
				E345818C1C213A7D0088BDA5 /* UIFont+Base.m */,
				E3FF2EEF1C35016200A6C7BF /* UIImage+Base.h */,
				E3FF2EF01C35016200A6C7BF /* UIImage+Base.m */,
				E34581B01C214E890088BDA5 /* UIImageView+Base.h */,
				E34581B11C214E890088BDA5 /* UIImageView+Base.m */,
				E3BBDCA01C5916630012834A /* UILabel+Base.h */,
				E3BBDCA11C5916630012834A /* UILabel+Base.m */,
				E3FF2EEC1C35007E00A6C7BF /* UISwitch+Base.h */,
				E3FF2EED1C35007E00A6C7BF /* UISwitch+Base.m */,
				E3EB14B41C52171400D10026 /* UITableViewCell+Base.h */,
				E3EB14B51C52171400D10026 /* UITableViewCell+Base.m */,
				E3B0CAEA1C994A6D009950B2 /* UIToolbar+Base.h */,
				E3B0CAEB1C994A6D009950B2 /* UIToolbar+Base.m */,
				E3A218A71D1E5D9C000E0217 /* UIView+Base.h */,
				E3A218A81D1E5D9C000E0217 /* UIView+Base.m */,
				E34581AD1C21455C0088BDA5 /* UIViewController+Base.h */,
				E34581AE1C21455C0088BDA5 /* UIViewController+Base.m */,
			);
			name = UIKIT;
			sourceTree = "<group>";
		};
/* End PBXGroup section */

/* Begin PBXNativeTarget section */
		E34581351C2115CF0088BDA5 /* Bookworm */ = {
			isa = PBXNativeTarget;
			buildConfigurationList = E34581631C2115CF0088BDA5 /* Build configuration list for PBXNativeTarget "Bookworm" */;
			buildPhases = (
				F08FD3B7EBCD69BCC3DF2B9C /* [CP] Check Pods Manifest.lock */,
				E34581321C2115CF0088BDA5 /* Sources */,
				E34581331C2115CF0088BDA5 /* Frameworks */,
				E34581341C2115CF0088BDA5 /* Resources */,
				74D2E3A3DB1746F3E2E3EFB0 /* [CP] Embed Pods Frameworks */,
				4F2C914256C6104C9F450F34 /* [CP] Copy Pods Resources */,
			);
			buildRules = (
			);
			dependencies = (
			);
			name = Bookworm;
			productName = Bookworm;
			productReference = E34581361C2115CF0088BDA5 /* Bookworm.app */;
			productType = "com.apple.product-type.application";
		};
		E345814E1C2115CF0088BDA5 /* BookwormTests */ = {
			isa = PBXNativeTarget;
			buildConfigurationList = E34581661C2115CF0088BDA5 /* Build configuration list for PBXNativeTarget "BookwormTests" */;
			buildPhases = (
				E345814B1C2115CF0088BDA5 /* Sources */,
				E345814C1C2115CF0088BDA5 /* Frameworks */,
				E345814D1C2115CF0088BDA5 /* Resources */,
			);
			buildRules = (
			);
			dependencies = (
				E34581511C2115CF0088BDA5 /* PBXTargetDependency */,
			);
			name = BookwormTests;
			productName = BookwormTests;
			productReference = E345814F1C2115CF0088BDA5 /* BookwormTests.xctest */;
			productType = "com.apple.product-type.bundle.unit-test";
		};
		E34581591C2115CF0088BDA5 /* BookwormUITests */ = {
			isa = PBXNativeTarget;
			buildConfigurationList = E34581691C2115CF0088BDA5 /* Build configuration list for PBXNativeTarget "BookwormUITests" */;
			buildPhases = (
				E34581561C2115CF0088BDA5 /* Sources */,
				E34581571C2115CF0088BDA5 /* Frameworks */,
				E34581581C2115CF0088BDA5 /* Resources */,
			);
			buildRules = (
			);
			dependencies = (
				E345815C1C2115CF0088BDA5 /* PBXTargetDependency */,
			);
			name = BookwormUITests;
			productName = BookwormUITests;
			productReference = E345815A1C2115CF0088BDA5 /* BookwormUITests.xctest */;
			productType = "com.apple.product-type.bundle.ui-testing";
		};
/* End PBXNativeTarget section */

/* Begin PBXProject section */
		E345812E1C2115CF0088BDA5 /* Project object */ = {
			isa = PBXProject;
			attributes = {
				CLASSPREFIX = SY;
				LastUpgradeCheck = 0720;
				ORGANIZATIONNAME = Syzygy;
				TargetAttributes = {
					E34581351C2115CF0088BDA5 = {
						CreatedOnToolsVersion = 7.2;
						DevelopmentTeam = 4AGG3RNQPH;
						SystemCapabilities = {
							com.apple.BackgroundModes = {
								enabled = 1;
							};
							com.apple.Push = {
								enabled = 1;
							};
						};
					};
					E345814E1C2115CF0088BDA5 = {
						CreatedOnToolsVersion = 7.2;
						TestTargetID = E34581351C2115CF0088BDA5;
					};
					E34581591C2115CF0088BDA5 = {
						CreatedOnToolsVersion = 7.2;
						TestTargetID = E34581351C2115CF0088BDA5;
					};
				};
			};
			buildConfigurationList = E34581311C2115CF0088BDA5 /* Build configuration list for PBXProject "Bookworm" */;
			compatibilityVersion = "Xcode 3.2";
			developmentRegion = English;
			hasScannedForEncodings = 0;
			knownRegions = (
				en,
				"zh-Hans",
				"zh-Hant",
				Base,
			);
			mainGroup = E345812D1C2115CF0088BDA5;
			productRefGroup = E34581371C2115CF0088BDA5 /* Products */;
			projectDirPath = "";
			projectRoot = "";
			targets = (
				E34581351C2115CF0088BDA5 /* Bookworm */,
				E345814E1C2115CF0088BDA5 /* BookwormTests */,
				E34581591C2115CF0088BDA5 /* BookwormUITests */,
			);
		};
/* End PBXProject section */

/* Begin PBXResourcesBuildPhase section */
		E34581341C2115CF0088BDA5 /* Resources */ = {
			isa = PBXResourcesBuildPhase;
			buildActionMask = 2147483647;
			files = (
				E3B0CAF11C9966C1009950B2 /* guide1.jpg in Resources */,
				E34581CA1C2169F20088BDA5 /* Localizable.strings in Resources */,
				E34581491C2115CF0088BDA5 /* LaunchScreen.storyboard in Resources */,
				E34581C71C2169EA0088BDA5 /* InfoPlist.strings in Resources */,
				E34581D71C216E860088BDA5 /* app-setting.plist in Resources */,
				E3B0CAF01C9966C1009950B2 /* guide0.jpg in Resources */,
				E34581461C2115CF0088BDA5 /* Assets.xcassets in Resources */,
				E34581441C2115CF0088BDA5 /* Main.storyboard in Resources */,
				E3B0CAF21C9966C1009950B2 /* guide2.jpg in Resources */,
				E32F00E21C9111F70024086B /* social-share.plist in Resources */,
			);
			runOnlyForDeploymentPostprocessing = 0;
		};
		E345814D1C2115CF0088BDA5 /* Resources */ = {
			isa = PBXResourcesBuildPhase;
			buildActionMask = 2147483647;
			files = (
			);
			runOnlyForDeploymentPostprocessing = 0;
		};
		E34581581C2115CF0088BDA5 /* Resources */ = {
			isa = PBXResourcesBuildPhase;
			buildActionMask = 2147483647;
			files = (
			);
			runOnlyForDeploymentPostprocessing = 0;
		};
/* End PBXResourcesBuildPhase section */

/* Begin PBXShellScriptBuildPhase section */
		4F2C914256C6104C9F450F34 /* [CP] Copy Pods Resources */ = {
			isa = PBXShellScriptBuildPhase;
			buildActionMask = 2147483647;
			files = (
			);
			inputPaths = (
			);
			name = "[CP] Copy Pods Resources";
			outputPaths = (
			);
			runOnlyForDeploymentPostprocessing = 0;
			shellPath = /bin/sh;
			shellScript = "\"${SRCROOT}/Pods/Target Support Files/Pods-Bookworm/Pods-Bookworm-resources.sh\"\n";
			showEnvVarsInLog = 0;
		};
		74D2E3A3DB1746F3E2E3EFB0 /* [CP] Embed Pods Frameworks */ = {
			isa = PBXShellScriptBuildPhase;
			buildActionMask = 2147483647;
			files = (
			);
			inputPaths = (
			);
			name = "[CP] Embed Pods Frameworks";
			outputPaths = (
			);
			runOnlyForDeploymentPostprocessing = 0;
			shellPath = /bin/sh;
			shellScript = "\"${SRCROOT}/Pods/Target Support Files/Pods-Bookworm/Pods-Bookworm-frameworks.sh\"\n";
			showEnvVarsInLog = 0;
		};
		F08FD3B7EBCD69BCC3DF2B9C /* [CP] Check Pods Manifest.lock */ = {
			isa = PBXShellScriptBuildPhase;
			buildActionMask = 2147483647;
			files = (
			);
			inputPaths = (
			);
			name = "[CP] Check Pods Manifest.lock";
			outputPaths = (
			);
			runOnlyForDeploymentPostprocessing = 0;
			shellPath = /bin/sh;
			shellScript = "diff \"${PODS_ROOT}/../Podfile.lock\" \"${PODS_ROOT}/Manifest.lock\" > /dev/null\nif [[ $? != 0 ]] ; then\n    cat << EOM\nerror: The sandbox is not in sync with the Podfile.lock. Run 'pod install' or update your CocoaPods installation.\nEOM\n    exit 1\nfi\n";
			showEnvVarsInLog = 0;
		};
/* End PBXShellScriptBuildPhase section */

/* Begin PBXSourcesBuildPhase section */
		E34581321C2115CF0088BDA5 /* Sources */ = {
			isa = PBXSourcesBuildPhase;
			buildActionMask = 2147483647;
			files = (
				E34581B51C21512B0088BDA5 /* SYSessionManager.m in Sources */,
				E361DEC31C4E2AF50042C75A /* UIAlertController+Base.m in Sources */,
				E34581BB1C2158E00088BDA5 /* SYDeviceModel.m in Sources */,
				E34581951C213A7D0088BDA5 /* UIColor+Base.m in Sources */,
				E3A218AC1D1E60FD000E0217 /* SYUtilities.m in Sources */,
				E361DEC71C4E34FE0042C75A /* AppDelegate+Analytics.m in Sources */,
				E34581931C213A7D0088BDA5 /* UIBarButtonItem+Base.m in Sources */,
				E316C7251C590E030073C886 /* NSArray+Model.m in Sources */,
				E30A49FE1C5B3CB6009BD684 /* SYChatViewController.m in Sources */,
				E31DBAF51C2801BA00FD5F36 /* SYUserService.m in Sources */,
				E34581A41C213FFB0088BDA5 /* JSONModel+Base.m in Sources */,
				E34581941C213A7D0088BDA5 /* UIButton+Base.m in Sources */,
				E30A49EF1C5B12C3009BD684 /* SYHomeViewController.m in Sources */,
				E39FB1891C60881600EB5052 /* SYBubbleTableViewCell.m in Sources */,
				E30A49E91C5B1206009BD684 /* SYTabBarController.m in Sources */,
				E345813E1C2115CF0088BDA5 /* AppDelegate.m in Sources */,
				E30A49F21C5B12EB009BD684 /* SYMeViewController.m in Sources */,
				E3FF2EEE1C35007E00A6C7BF /* UISwitch+Base.m in Sources */,
				E39B458B1C5B789F00FEAFC8 /* SYSettingViewController.m in Sources */,
				E34581911C213A7D0088BDA5 /* NSDate+Base.m in Sources */,
				E3B0CAEC1C994A6D009950B2 /* UIToolbar+Base.m in Sources */,
				E3EB14941C51E6B300D10026 /* NSData+Base.m in Sources */,
				E39B45911C5B794300FEAFC8 /* SYFollowListViewController.m in Sources */,
				E34581DB1C216FD40088BDA5 /* SYBaseService.m in Sources */,
				E361DEC01C4E0B530042C75A /* SYSocketManager.m in Sources */,
				E3BBDCE81C5938DE0012834A /* Bookworm.xcdatamodeld in Sources */,
				E31F8D8C1C3CC1AD0079D9BA /* SYScrollViewController.m in Sources */,
				E39B45971C5B7A7800FEAFC8 /* SYProfileViewController.m in Sources */,
				E30A49FB1C5B1BF6009BD684 /* SYContactService.m in Sources */,
				E345813B1C2115CF0088BDA5 /* main.m in Sources */,
				E34581D31C216C510088BDA5 /* SYServerAPI.m in Sources */,
				E34581B81C2152F20088BDA5 /* SYAppSetting.m in Sources */,
				E3E810371C48D85E00C0ACAF /* NSTimer+Base.m in Sources */,
				E3BBDCA21C5916630012834A /* UILabel+Base.m in Sources */,
				E39C12E41C574BDC00F0FF10 /* SYSocketModel.m in Sources */,
				E31DBAF21C2801A000FD5F36 /* SYMessageService.m in Sources */,
				E3EB14AD1C52166F00D10026 /* SYButtonTableViewCell.m in Sources */,
				E3EB149D1C520EF000D10026 /* SYTextView.m in Sources */,
				E332FBC81C59FFE500063AEA /* SYUserModel.m in Sources */,
				E34581B21C214E890088BDA5 /* UIImageView+Base.m in Sources */,
				E3A218B21D1FE26B000E0217 /* NSLayoutConstraint+Base.m in Sources */,
				E34581961C213A7D0088BDA5 /* UIFont+Base.m in Sources */,
				E34581921C213A7D0088BDA5 /* NSString+Base.m in Sources */,
				E39B45A01C5B843800FEAFC8 /* SYSignInViewController.m in Sources */,
				E3A218AF1D1FC74E000E0217 /* SYTableViewCell.m in Sources */,
				E33928051C6301C00004346C /* SYContactViewController.m in Sources */,
				E30A49F81C5B19D7009BD684 /* SYContactModel.m in Sources */,
				E3EB14AE1C52166F00D10026 /* SYMessageTableViewCell.m in Sources */,
				E31DBAEB1C27CAE500FD5F36 /* SVProgressHUD+Base.m in Sources */,
				E39B459D1C5B841D00FEAFC8 /* SYSignUpViewController.m in Sources */,
				E3FF2EF11C35016200A6C7BF /* UIImage+Base.m in Sources */,
				E34581AC1C2143E20088BDA5 /* TestViewController.m in Sources */,
				E39B458E1C5B78CB00FEAFC8 /* SYGuideViewController.m in Sources */,
				E3A218A91D1E5D9C000E0217 /* UIView+Base.m in Sources */,
				E34581DE1C217F740088BDA5 /* SYDeviceService.m in Sources */,
				E37E76B51C80078800AE7D47 /* SYNotificationModel.m in Sources */,
				E34581AF1C21455C0088BDA5 /* UIViewController+Base.m in Sources */,
				E34581A91C2142960088BDA5 /* CLLocationManager+Base.m in Sources */,
				E32F00FC1C9149330024086B /* SYSocialShare.m in Sources */,
				E3D5C65D1C5D3C4900ADDCA4 /* SYSoundPlayer.m in Sources */,
				E3957CE21C5137B30017E31F /* GVUserDefaults+Properties.m in Sources */,
				E3EB14AF1C52166F00D10026 /* SYTextTableViewCell.m in Sources */,
				E3EB14B01C52166F00D10026 /* SYTipTableViewCell.m in Sources */,
				E30A49EC1C5B1257009BD684 /* SYMessageViewController.m in Sources */,
				E32F00FF1C9170520024086B /* SYStackView.m in Sources */,
				E3EB14B61C52171400D10026 /* UITableViewCell+Base.m in Sources */,
				E3B0CAE21C981B3F009950B2 /* SYInitialViewController.m in Sources */,
				E34581A51C213FFB0088BDA5 /* JSONValueTransformer+Mapper.m in Sources */,
				E30A49F51C5B193E009BD684 /* SYWishViewController.m in Sources */,
			);
			runOnlyForDeploymentPostprocessing = 0;
		};
		E345814B1C2115CF0088BDA5 /* Sources */ = {
			isa = PBXSourcesBuildPhase;
			buildActionMask = 2147483647;
			files = (
				E34581541C2115CF0088BDA5 /* BookwormTests.m in Sources */,
			);
			runOnlyForDeploymentPostprocessing = 0;
		};
		E34581561C2115CF0088BDA5 /* Sources */ = {
			isa = PBXSourcesBuildPhase;
			buildActionMask = 2147483647;
			files = (
				E345815F1C2115CF0088BDA5 /* BookwormUITests.m in Sources */,
			);
			runOnlyForDeploymentPostprocessing = 0;
		};
/* End PBXSourcesBuildPhase section */

/* Begin PBXTargetDependency section */
		E34581511C2115CF0088BDA5 /* PBXTargetDependency */ = {
			isa = PBXTargetDependency;
			target = E34581351C2115CF0088BDA5 /* Bookworm */;
			targetProxy = E34581501C2115CF0088BDA5 /* PBXContainerItemProxy */;
		};
		E345815C1C2115CF0088BDA5 /* PBXTargetDependency */ = {
			isa = PBXTargetDependency;
			target = E34581351C2115CF0088BDA5 /* Bookworm */;
			targetProxy = E345815B1C2115CF0088BDA5 /* PBXContainerItemProxy */;
		};
/* End PBXTargetDependency section */

/* Begin PBXVariantGroup section */
		E34581421C2115CF0088BDA5 /* Main.storyboard */ = {
			isa = PBXVariantGroup;
			children = (
				E32F00F31C9131820024086B /* Base */,
			);
			name = Main.storyboard;
			sourceTree = "<group>";
		};
		E34581471C2115CF0088BDA5 /* LaunchScreen.storyboard */ = {
			isa = PBXVariantGroup;
			children = (
				E32F00F21C9131820024086B /* Base */,
			);
			name = LaunchScreen.storyboard;
			sourceTree = "<group>";
		};
		E34581C91C2169EA0088BDA5 /* InfoPlist.strings */ = {
			isa = PBXVariantGroup;
			children = (
				E32F00F41C9131970024086B /* Base */,
				E32F00F61C9133060024086B /* zh-Hans */,
				E32F00F71C9133080024086B /* zh-Hant */,
			);
			name = InfoPlist.strings;
			sourceTree = "<group>";
		};
		E34581CC1C2169F20088BDA5 /* Localizable.strings */ = {
			isa = PBXVariantGroup;
			children = (
				E32F00F51C91319D0024086B /* Base */,
				E32F00F81C9133160024086B /* zh-Hans */,
				E32F00F91C9133170024086B /* zh-Hant */,
			);
			name = Localizable.strings;
			sourceTree = "<group>";
		};
/* End PBXVariantGroup section */

/* Begin XCBuildConfiguration section */
		E34581611C2115CF0088BDA5 /* Debug */ = {
			isa = XCBuildConfiguration;
			buildSettings = {
				ALWAYS_SEARCH_USER_PATHS = NO;
				CLANG_CXX_LANGUAGE_STANDARD = "gnu++0x";
				CLANG_CXX_LIBRARY = "libc++";
				CLANG_ENABLE_MODULES = YES;
				CLANG_ENABLE_OBJC_ARC = YES;
				CLANG_WARN_BOOL_CONVERSION = YES;
				CLANG_WARN_CONSTANT_CONVERSION = YES;
				CLANG_WARN_DIRECT_OBJC_ISA_USAGE = YES_ERROR;
				CLANG_WARN_EMPTY_BODY = YES;
				CLANG_WARN_ENUM_CONVERSION = YES;
				CLANG_WARN_INT_CONVERSION = YES;
				CLANG_WARN_OBJC_ROOT_CLASS = YES_ERROR;
				CLANG_WARN_UNREACHABLE_CODE = YES;
				CLANG_WARN__DUPLICATE_METHOD_MATCH = YES;
				"CODE_SIGN_IDENTITY[sdk=iphoneos*]" = "iPhone Developer";
				COPY_PHASE_STRIP = NO;
				DEBUG_INFORMATION_FORMAT = dwarf;
				ENABLE_STRICT_OBJC_MSGSEND = YES;
				ENABLE_TESTABILITY = YES;
				GCC_C_LANGUAGE_STANDARD = gnu99;
				GCC_DYNAMIC_NO_PIC = NO;
				GCC_NO_COMMON_BLOCKS = YES;
				GCC_OPTIMIZATION_LEVEL = 0;
				GCC_PREPROCESSOR_DEFINITIONS = (
					"DEBUG=1",
					"$(inherited)",
				);
				GCC_WARN_64_TO_32_BIT_CONVERSION = YES;
				GCC_WARN_ABOUT_RETURN_TYPE = YES_ERROR;
				GCC_WARN_UNDECLARED_SELECTOR = YES;
				GCC_WARN_UNINITIALIZED_AUTOS = YES_AGGRESSIVE;
				GCC_WARN_UNUSED_FUNCTION = YES;
				GCC_WARN_UNUSED_VARIABLE = YES;
				IPHONEOS_DEPLOYMENT_TARGET = 8.0;
				MTL_ENABLE_DEBUG_INFO = YES;
				ONLY_ACTIVE_ARCH = YES;
				SDKROOT = iphoneos;
				TARGETED_DEVICE_FAMILY = "1,2";
			};
			name = Debug;
		};
		E34581621C2115CF0088BDA5 /* Release */ = {
			isa = XCBuildConfiguration;
			buildSettings = {
				ALWAYS_SEARCH_USER_PATHS = NO;
				CLANG_CXX_LANGUAGE_STANDARD = "gnu++0x";
				CLANG_CXX_LIBRARY = "libc++";
				CLANG_ENABLE_MODULES = YES;
				CLANG_ENABLE_OBJC_ARC = YES;
				CLANG_WARN_BOOL_CONVERSION = YES;
				CLANG_WARN_CONSTANT_CONVERSION = YES;
				CLANG_WARN_DIRECT_OBJC_ISA_USAGE = YES_ERROR;
				CLANG_WARN_EMPTY_BODY = YES;
				CLANG_WARN_ENUM_CONVERSION = YES;
				CLANG_WARN_INT_CONVERSION = YES;
				CLANG_WARN_OBJC_ROOT_CLASS = YES_ERROR;
				CLANG_WARN_UNREACHABLE_CODE = YES;
				CLANG_WARN__DUPLICATE_METHOD_MATCH = YES;
				"CODE_SIGN_IDENTITY[sdk=iphoneos*]" = "iPhone Developer";
				COPY_PHASE_STRIP = NO;
				DEBUG_INFORMATION_FORMAT = "dwarf-with-dsym";
				ENABLE_NS_ASSERTIONS = NO;
				ENABLE_STRICT_OBJC_MSGSEND = YES;
				GCC_C_LANGUAGE_STANDARD = gnu99;
				GCC_NO_COMMON_BLOCKS = YES;
				GCC_WARN_64_TO_32_BIT_CONVERSION = YES;
				GCC_WARN_ABOUT_RETURN_TYPE = YES_ERROR;
				GCC_WARN_UNDECLARED_SELECTOR = YES;
				GCC_WARN_UNINITIALIZED_AUTOS = YES_AGGRESSIVE;
				GCC_WARN_UNUSED_FUNCTION = YES;
				GCC_WARN_UNUSED_VARIABLE = YES;
				IPHONEOS_DEPLOYMENT_TARGET = 8.0;
				MTL_ENABLE_DEBUG_INFO = NO;
				SDKROOT = iphoneos;
				TARGETED_DEVICE_FAMILY = "1,2";
				VALIDATE_PRODUCT = YES;
			};
			name = Release;
		};
		E34581641C2115CF0088BDA5 /* Debug */ = {
			isa = XCBuildConfiguration;
			baseConfigurationReference = 04C439D3B77FA89A53B32262 /* Pods-Bookworm.debug.xcconfig */;
			buildSettings = {
				ASSETCATALOG_COMPILER_APPICON_NAME = AppIcon;
				CODE_SIGN_IDENTITY = "iPhone Developer";
				"CODE_SIGN_IDENTITY[sdk=iphoneos*]" = "iPhone Developer";
				GCC_PREFIX_HEADER = Bookworm/Prefix.pch;
				INFOPLIST_FILE = Bookworm/Info.plist;
				LD_RUNPATH_SEARCH_PATHS = "$(inherited) @executable_path/Frameworks";
				PRODUCT_BUNDLE_IDENTIFIER = com.Syzygy.Bookworm;
				PRODUCT_NAME = "$(TARGET_NAME)";
				PROVISIONING_PROFILE = "";
			};
			name = Debug;
		};
		E34581651C2115CF0088BDA5 /* Release */ = {
			isa = XCBuildConfiguration;
			baseConfigurationReference = 6CB466169511A17B83C08626 /* Pods-Bookworm.release.xcconfig */;
			buildSettings = {
				ASSETCATALOG_COMPILER_APPICON_NAME = AppIcon;
				CODE_SIGN_IDENTITY = "iPhone Developer";
				"CODE_SIGN_IDENTITY[sdk=iphoneos*]" = "iPhone Developer";
				GCC_PREFIX_HEADER = Bookworm/Prefix.pch;
				INFOPLIST_FILE = Bookworm/Info.plist;
				LD_RUNPATH_SEARCH_PATHS = "$(inherited) @executable_path/Frameworks";
				PRODUCT_BUNDLE_IDENTIFIER = com.Syzygy.Bookworm;
				PRODUCT_NAME = "$(TARGET_NAME)";
				PROVISIONING_PROFILE = "";
			};
			name = Release;
		};
		E34581671C2115CF0088BDA5 /* Debug */ = {
			isa = XCBuildConfiguration;
			buildSettings = {
				BUNDLE_LOADER = "$(TEST_HOST)";
				INFOPLIST_FILE = BookwormTests/Info.plist;
				LD_RUNPATH_SEARCH_PATHS = "$(inherited) @executable_path/Frameworks @loader_path/Frameworks";
				PRODUCT_BUNDLE_IDENTIFIER = com.Syzygy.BookwormTests;
				PRODUCT_NAME = "$(TARGET_NAME)";
				TEST_HOST = "$(BUILT_PRODUCTS_DIR)/Bookworm.app/Bookworm";
			};
			name = Debug;
		};
		E34581681C2115CF0088BDA5 /* Release */ = {
			isa = XCBuildConfiguration;
			buildSettings = {
				BUNDLE_LOADER = "$(TEST_HOST)";
				INFOPLIST_FILE = BookwormTests/Info.plist;
				LD_RUNPATH_SEARCH_PATHS = "$(inherited) @executable_path/Frameworks @loader_path/Frameworks";
				PRODUCT_BUNDLE_IDENTIFIER = com.Syzygy.BookwormTests;
				PRODUCT_NAME = "$(TARGET_NAME)";
				TEST_HOST = "$(BUILT_PRODUCTS_DIR)/Bookworm.app/Bookworm";
			};
			name = Release;
		};
		E345816A1C2115CF0088BDA5 /* Debug */ = {
			isa = XCBuildConfiguration;
			buildSettings = {
				CODE_SIGN_IDENTITY = "iPhone Developer";
				INFOPLIST_FILE = BookwormUITests/Info.plist;
				LD_RUNPATH_SEARCH_PATHS = "$(inherited) @executable_path/Frameworks @loader_path/Frameworks";
				PRODUCT_BUNDLE_IDENTIFIER = com.Syzygy.BookwormUITests;
				PRODUCT_NAME = "$(TARGET_NAME)";
				TEST_TARGET_NAME = Bookworm;
				USES_XCTRUNNER = YES;
			};
			name = Debug;
		};
		E345816B1C2115CF0088BDA5 /* Release */ = {
			isa = XCBuildConfiguration;
			buildSettings = {
				CODE_SIGN_IDENTITY = "iPhone Developer";
				INFOPLIST_FILE = BookwormUITests/Info.plist;
				LD_RUNPATH_SEARCH_PATHS = "$(inherited) @executable_path/Frameworks @loader_path/Frameworks";
				PRODUCT_BUNDLE_IDENTIFIER = com.Syzygy.BookwormUITests;
				PRODUCT_NAME = "$(TARGET_NAME)";
				TEST_TARGET_NAME = Bookworm;
				USES_XCTRUNNER = YES;
			};
			name = Release;
		};
/* End XCBuildConfiguration section */

/* Begin XCConfigurationList section */
		E34581311C2115CF0088BDA5 /* Build configuration list for PBXProject "Bookworm" */ = {
			isa = XCConfigurationList;
			buildConfigurations = (
				E34581611C2115CF0088BDA5 /* Debug */,
				E34581621C2115CF0088BDA5 /* Release */,
			);
			defaultConfigurationIsVisible = 0;
			defaultConfigurationName = Release;
		};
		E34581631C2115CF0088BDA5 /* Build configuration list for PBXNativeTarget "Bookworm" */ = {
			isa = XCConfigurationList;
			buildConfigurations = (
				E34581641C2115CF0088BDA5 /* Debug */,
				E34581651C2115CF0088BDA5 /* Release */,
			);
			defaultConfigurationIsVisible = 0;
			defaultConfigurationName = Release;
		};
		E34581661C2115CF0088BDA5 /* Build configuration list for PBXNativeTarget "BookwormTests" */ = {
			isa = XCConfigurationList;
			buildConfigurations = (
				E34581671C2115CF0088BDA5 /* Debug */,
				E34581681C2115CF0088BDA5 /* Release */,
			);
			defaultConfigurationIsVisible = 0;
			defaultConfigurationName = Release;
		};
		E34581691C2115CF0088BDA5 /* Build configuration list for PBXNativeTarget "BookwormUITests" */ = {
			isa = XCConfigurationList;
			buildConfigurations = (
				E345816A1C2115CF0088BDA5 /* Debug */,
				E345816B1C2115CF0088BDA5 /* Release */,
			);
			defaultConfigurationIsVisible = 0;
			defaultConfigurationName = Release;
		};
/* End XCConfigurationList section */

/* Begin XCVersionGroup section */
		E3BBDCE61C5938DE0012834A /* Bookworm.xcdatamodeld */ = {
			isa = XCVersionGroup;
			children = (
				E3BBDCE71C5938DE0012834A /* Bookworm.xcdatamodel */,
			);
			currentVersion = E3BBDCE71C5938DE0012834A /* Bookworm.xcdatamodel */;
			path = Bookworm.xcdatamodeld;
			sourceTree = "<group>";
			versionGroupType = wrapper.xcdatamodel;
		};
/* End XCVersionGroup section */
	};
	rootObject = E345812E1C2115CF0088BDA5 /* Project object */;
}
